// !$*UTF8*$!
{
	archiveVersion = 1;
	classes = {
	};
	objectVersion = 50;
	objects = {

/* Begin PBXBuildFile section */
		DF7026F022EEA070005700F5 /* Validator.framework in Frameworks */ = {isa = PBXBuildFile; fileRef = DF7026E622EEA070005700F5 /* Validator.framework */; };
		DF7026F522EEA070005700F5 /* ValidatorTests.swift in Sources */ = {isa = PBXBuildFile; fileRef = DF7026F422EEA070005700F5 /* ValidatorTests.swift */; };
		DF7026F722EEA070005700F5 /* Validator.h in Headers */ = {isa = PBXBuildFile; fileRef = DF7026E922EEA070005700F5 /* Validator.h */; settings = {ATTRIBUTES = (Public, ); }; };
		DF70272122EEA2BB005700F5 /* Validatable.swift in Sources */ = {isa = PBXBuildFile; fileRef = DF70270022EEA2BB005700F5 /* Validatable.swift */; };
		DF70272222EEA2BB005700F5 /* Validator.swift in Sources */ = {isa = PBXBuildFile; fileRef = DF70270122EEA2BB005700F5 /* Validator.swift */; };
		DF70272322EEA2BB005700F5 /* ValidationError.swift in Sources */ = {isa = PBXBuildFile; fileRef = DF70270222EEA2BB005700F5 /* ValidationError.swift */; };
		DF70272422EEA2BB005700F5 /* FullNameRule.swift in Sources */ = {isa = PBXBuildFile; fileRef = DF70270422EEA2BB005700F5 /* FullNameRule.swift */; };
		DF70272522EEA2BB005700F5 /* DateRule.swift in Sources */ = {isa = PBXBuildFile; fileRef = DF70270522EEA2BB005700F5 /* DateRule.swift */; };
		DF70272622EEA2BB005700F5 /* RangeRule.swift in Sources */ = {isa = PBXBuildFile; fileRef = DF70270622EEA2BB005700F5 /* RangeRule.swift */; };
		DF70272722EEA2BB005700F5 /* CharacterSetRule.swift in Sources */ = {isa = PBXBuildFile; fileRef = DF70270722EEA2BB005700F5 /* CharacterSetRule.swift */; };
		DF70272822EEA2BB005700F5 /* PasswordRule.swift in Sources */ = {isa = PBXBuildFile; fileRef = DF70270822EEA2BB005700F5 /* PasswordRule.swift */; };
		DF70272922EEA2BB005700F5 /* ExactLengthRule.swift in Sources */ = {isa = PBXBuildFile; fileRef = DF70270922EEA2BB005700F5 /* ExactLengthRule.swift */; };
		DF70272A22EEA2BB005700F5 /* ConfirmRule.swift in Sources */ = {isa = PBXBuildFile; fileRef = DF70270A22EEA2BB005700F5 /* ConfirmRule.swift */; };
		DF70272B22EEA2BB005700F5 /* PinCodeRule.swift in Sources */ = {isa = PBXBuildFile; fileRef = DF70270B22EEA2BB005700F5 /* PinCodeRule.swift */; };
		DF70272C22EEA2BB005700F5 /* ArrayLengthRule.swift in Sources */ = {isa = PBXBuildFile; fileRef = DF70270C22EEA2BB005700F5 /* ArrayLengthRule.swift */; };
		DF70272D22EEA2BB005700F5 /* EnumRule.swift in Sources */ = {isa = PBXBuildFile; fileRef = DF70270D22EEA2BB005700F5 /* EnumRule.swift */; };
		DF70272E22EEA2BB005700F5 /* ValidatableRule.swift in Sources */ = {isa = PBXBuildFile; fileRef = DF70270E22EEA2BB005700F5 /* ValidatableRule.swift */; };
		DF70272F22EEA2BB005700F5 /* LengthRule.swift in Sources */ = {isa = PBXBuildFile; fileRef = DF70270F22EEA2BB005700F5 /* LengthRule.swift */; };
		DF70273022EEA2BB005700F5 /* FloatRule.swift in Sources */ = {isa = PBXBuildFile; fileRef = DF70271022EEA2BB005700F5 /* FloatRule.swift */; };
		DF70273122EEA2BB005700F5 /* RegexRule.swift in Sources */ = {isa = PBXBuildFile; fileRef = DF70271122EEA2BB005700F5 /* RegexRule.swift */; };
		DF70273222EEA2BB005700F5 /* ZipCodeRule.swift in Sources */ = {isa = PBXBuildFile; fileRef = DF70271222EEA2BB005700F5 /* ZipCodeRule.swift */; };
		DF70273322EEA2BB005700F5 /* HexColorRule.swift in Sources */ = {isa = PBXBuildFile; fileRef = DF70271322EEA2BB005700F5 /* HexColorRule.swift */; };
		DF70273422EEA2BB005700F5 /* EmailRule.swift in Sources */ = {isa = PBXBuildFile; fileRef = DF70271422EEA2BB005700F5 /* EmailRule.swift */; };
		DF70273522EEA2BB005700F5 /* ArrayRule.swift in Sources */ = {isa = PBXBuildFile; fileRef = DF70271522EEA2BB005700F5 /* ArrayRule.swift */; };
		DF70273622EEA2BB005700F5 /* AlphaNumericRule.swift in Sources */ = {isa = PBXBuildFile; fileRef = DF70271622EEA2BB005700F5 /* AlphaNumericRule.swift */; };
		DF70273722EEA2BB005700F5 /* PhoneNumberRule.swift in Sources */ = {isa = PBXBuildFile; fileRef = DF70271722EEA2BB005700F5 /* PhoneNumberRule.swift */; };
		DF70273822EEA2BB005700F5 /* ISO8601DateRule.swift in Sources */ = {isa = PBXBuildFile; fileRef = DF70271822EEA2BB005700F5 /* ISO8601DateRule.swift */; };
		DF70273922EEA2BB005700F5 /* RequiredRule.swift in Sources */ = {isa = PBXBuildFile; fileRef = DF70271922EEA2BB005700F5 /* RequiredRule.swift */; };
		DF70273A22EEA2BB005700F5 /* IPV4Rule.swift in Sources */ = {isa = PBXBuildFile; fileRef = DF70271A22EEA2BB005700F5 /* IPV4Rule.swift */; };
		DF70273B22EEA2BB005700F5 /* MonthRule.swift in Sources */ = {isa = PBXBuildFile; fileRef = DF70271B22EEA2BB005700F5 /* MonthRule.swift */; };
		DF70273C22EEA2BB005700F5 /* CoordinateRule.swift in Sources */ = {isa = PBXBuildFile; fileRef = DF70271C22EEA2BB005700F5 /* CoordinateRule.swift */; };
		DF70273D22EEA2BB005700F5 /* YearExpiryRule.swift in Sources */ = {isa = PBXBuildFile; fileRef = DF70271D22EEA2BB005700F5 /* YearExpiryRule.swift */; };
		DF70273E22EEA2BB005700F5 /* ValidationRule.swift in Sources */ = {isa = PBXBuildFile; fileRef = DF70271E22EEA2BB005700F5 /* ValidationRule.swift */; };
		DF70273F22EEA2BB005700F5 /* AlphaRule.swift in Sources */ = {isa = PBXBuildFile; fileRef = DF70271F22EEA2BB005700F5 /* AlphaRule.swift */; };
		DF70274022EEA2BB005700F5 /* ISBNRule.swift in Sources */ = {isa = PBXBuildFile; fileRef = DF70272022EEA2BB005700F5 /* ISBNRule.swift */; };
		DF709F5B22F1BA3400ACDFBB /* Validator.framework in Frameworks */ = {isa = PBXBuildFile; fileRef = DF709F5222F1BA3400ACDFBB /* Validator.framework */; };
		DF709F6922F1C08100ACDFBB /* FullNameRule.swift in Sources */ = {isa = PBXBuildFile; fileRef = DF70270422EEA2BB005700F5 /* FullNameRule.swift */; };
		DF709F6A22F1C08100ACDFBB /* DateRule.swift in Sources */ = {isa = PBXBuildFile; fileRef = DF70270522EEA2BB005700F5 /* DateRule.swift */; };
		DF709F6B22F1C08100ACDFBB /* RangeRule.swift in Sources */ = {isa = PBXBuildFile; fileRef = DF70270622EEA2BB005700F5 /* RangeRule.swift */; };
		DF709F6C22F1C08100ACDFBB /* CharacterSetRule.swift in Sources */ = {isa = PBXBuildFile; fileRef = DF70270722EEA2BB005700F5 /* CharacterSetRule.swift */; };
		DF709F6D22F1C08100ACDFBB /* PasswordRule.swift in Sources */ = {isa = PBXBuildFile; fileRef = DF70270822EEA2BB005700F5 /* PasswordRule.swift */; };
		DF709F6E22F1C08100ACDFBB /* ExactLengthRule.swift in Sources */ = {isa = PBXBuildFile; fileRef = DF70270922EEA2BB005700F5 /* ExactLengthRule.swift */; };
		DF709F6F22F1C08100ACDFBB /* ConfirmRule.swift in Sources */ = {isa = PBXBuildFile; fileRef = DF70270A22EEA2BB005700F5 /* ConfirmRule.swift */; };
		DF709F7022F1C08100ACDFBB /* PinCodeRule.swift in Sources */ = {isa = PBXBuildFile; fileRef = DF70270B22EEA2BB005700F5 /* PinCodeRule.swift */; };
		DF709F7122F1C08100ACDFBB /* ArrayLengthRule.swift in Sources */ = {isa = PBXBuildFile; fileRef = DF70270C22EEA2BB005700F5 /* ArrayLengthRule.swift */; };
		DF709F7222F1C08100ACDFBB /* EnumRule.swift in Sources */ = {isa = PBXBuildFile; fileRef = DF70270D22EEA2BB005700F5 /* EnumRule.swift */; };
		DF709F7322F1C08100ACDFBB /* ValidatableRule.swift in Sources */ = {isa = PBXBuildFile; fileRef = DF70270E22EEA2BB005700F5 /* ValidatableRule.swift */; };
		DF709F7422F1C08100ACDFBB /* LengthRule.swift in Sources */ = {isa = PBXBuildFile; fileRef = DF70270F22EEA2BB005700F5 /* LengthRule.swift */; };
		DF709F7522F1C08100ACDFBB /* FloatRule.swift in Sources */ = {isa = PBXBuildFile; fileRef = DF70271022EEA2BB005700F5 /* FloatRule.swift */; };
		DF709F7622F1C08100ACDFBB /* RegexRule.swift in Sources */ = {isa = PBXBuildFile; fileRef = DF70271122EEA2BB005700F5 /* RegexRule.swift */; };
		DF709F7722F1C08100ACDFBB /* ZipCodeRule.swift in Sources */ = {isa = PBXBuildFile; fileRef = DF70271222EEA2BB005700F5 /* ZipCodeRule.swift */; };
		DF709F7822F1C08100ACDFBB /* HexColorRule.swift in Sources */ = {isa = PBXBuildFile; fileRef = DF70271322EEA2BB005700F5 /* HexColorRule.swift */; };
		DF709F7922F1C08100ACDFBB /* EmailRule.swift in Sources */ = {isa = PBXBuildFile; fileRef = DF70271422EEA2BB005700F5 /* EmailRule.swift */; };
		DF709F7A22F1C08100ACDFBB /* ArrayRule.swift in Sources */ = {isa = PBXBuildFile; fileRef = DF70271522EEA2BB005700F5 /* ArrayRule.swift */; };
		DF709F7B22F1C08100ACDFBB /* AlphaNumericRule.swift in Sources */ = {isa = PBXBuildFile; fileRef = DF70271622EEA2BB005700F5 /* AlphaNumericRule.swift */; };
		DF709F7C22F1C08100ACDFBB /* PhoneNumberRule.swift in Sources */ = {isa = PBXBuildFile; fileRef = DF70271722EEA2BB005700F5 /* PhoneNumberRule.swift */; };
		DF709F7D22F1C08100ACDFBB /* ISO8601DateRule.swift in Sources */ = {isa = PBXBuildFile; fileRef = DF70271822EEA2BB005700F5 /* ISO8601DateRule.swift */; };
		DF709F7E22F1C08100ACDFBB /* RequiredRule.swift in Sources */ = {isa = PBXBuildFile; fileRef = DF70271922EEA2BB005700F5 /* RequiredRule.swift */; };
		DF709F7F22F1C08100ACDFBB /* IPV4Rule.swift in Sources */ = {isa = PBXBuildFile; fileRef = DF70271A22EEA2BB005700F5 /* IPV4Rule.swift */; };
		DF709F8022F1C08100ACDFBB /* MonthRule.swift in Sources */ = {isa = PBXBuildFile; fileRef = DF70271B22EEA2BB005700F5 /* MonthRule.swift */; };
		DF709F8122F1C08100ACDFBB /* CoordinateRule.swift in Sources */ = {isa = PBXBuildFile; fileRef = DF70271C22EEA2BB005700F5 /* CoordinateRule.swift */; };
		DF709F8222F1C08100ACDFBB /* YearExpiryRule.swift in Sources */ = {isa = PBXBuildFile; fileRef = DF70271D22EEA2BB005700F5 /* YearExpiryRule.swift */; };
		DF709F8322F1C08100ACDFBB /* ValidationRule.swift in Sources */ = {isa = PBXBuildFile; fileRef = DF70271E22EEA2BB005700F5 /* ValidationRule.swift */; };
		DF709F8422F1C08100ACDFBB /* AlphaRule.swift in Sources */ = {isa = PBXBuildFile; fileRef = DF70271F22EEA2BB005700F5 /* AlphaRule.swift */; };
		DF709F8522F1C08100ACDFBB /* ISBNRule.swift in Sources */ = {isa = PBXBuildFile; fileRef = DF70272022EEA2BB005700F5 /* ISBNRule.swift */; };
		DF709F8622F1C08100ACDFBB /* Validatable.swift in Sources */ = {isa = PBXBuildFile; fileRef = DF70270022EEA2BB005700F5 /* Validatable.swift */; };
		DF709F8722F1C08100ACDFBB /* ValidationError.swift in Sources */ = {isa = PBXBuildFile; fileRef = DF70270222EEA2BB005700F5 /* ValidationError.swift */; };
		DF709F8822F1C08100ACDFBB /* Validator.swift in Sources */ = {isa = PBXBuildFile; fileRef = DF70270122EEA2BB005700F5 /* Validator.swift */; };
		DF709F8922F1C08A00ACDFBB /* Validator.h in Headers */ = {isa = PBXBuildFile; fileRef = DF7026E922EEA070005700F5 /* Validator.h */; settings = {ATTRIBUTES = (Public, ); }; };
		DF709F8A22F1C0B200ACDFBB /* ValidatorTests.swift in Sources */ = {isa = PBXBuildFile; fileRef = DF7026F422EEA070005700F5 /* ValidatorTests.swift */; };
		DF709F9922F1C10800ACDFBB /* Validator.framework in Frameworks */ = {isa = PBXBuildFile; fileRef = DF709F9022F1C10700ACDFBB /* Validator.framework */; };
		DF709FA722F1C18A00ACDFBB /* FullNameRule.swift in Sources */ = {isa = PBXBuildFile; fileRef = DF70270422EEA2BB005700F5 /* FullNameRule.swift */; };
		DF709FA822F1C18A00ACDFBB /* DateRule.swift in Sources */ = {isa = PBXBuildFile; fileRef = DF70270522EEA2BB005700F5 /* DateRule.swift */; };
		DF709FA922F1C18A00ACDFBB /* RangeRule.swift in Sources */ = {isa = PBXBuildFile; fileRef = DF70270622EEA2BB005700F5 /* RangeRule.swift */; };
		DF709FAA22F1C18A00ACDFBB /* CharacterSetRule.swift in Sources */ = {isa = PBXBuildFile; fileRef = DF70270722EEA2BB005700F5 /* CharacterSetRule.swift */; };
		DF709FAB22F1C18A00ACDFBB /* PasswordRule.swift in Sources */ = {isa = PBXBuildFile; fileRef = DF70270822EEA2BB005700F5 /* PasswordRule.swift */; };
		DF709FAC22F1C18A00ACDFBB /* ExactLengthRule.swift in Sources */ = {isa = PBXBuildFile; fileRef = DF70270922EEA2BB005700F5 /* ExactLengthRule.swift */; };
		DF709FAD22F1C18A00ACDFBB /* ConfirmRule.swift in Sources */ = {isa = PBXBuildFile; fileRef = DF70270A22EEA2BB005700F5 /* ConfirmRule.swift */; };
		DF709FAE22F1C18A00ACDFBB /* PinCodeRule.swift in Sources */ = {isa = PBXBuildFile; fileRef = DF70270B22EEA2BB005700F5 /* PinCodeRule.swift */; };
		DF709FAF22F1C18A00ACDFBB /* ArrayLengthRule.swift in Sources */ = {isa = PBXBuildFile; fileRef = DF70270C22EEA2BB005700F5 /* ArrayLengthRule.swift */; };
		DF709FB022F1C18A00ACDFBB /* EnumRule.swift in Sources */ = {isa = PBXBuildFile; fileRef = DF70270D22EEA2BB005700F5 /* EnumRule.swift */; };
		DF709FB122F1C18A00ACDFBB /* ValidatableRule.swift in Sources */ = {isa = PBXBuildFile; fileRef = DF70270E22EEA2BB005700F5 /* ValidatableRule.swift */; };
		DF709FB222F1C18A00ACDFBB /* LengthRule.swift in Sources */ = {isa = PBXBuildFile; fileRef = DF70270F22EEA2BB005700F5 /* LengthRule.swift */; };
		DF709FB322F1C18A00ACDFBB /* FloatRule.swift in Sources */ = {isa = PBXBuildFile; fileRef = DF70271022EEA2BB005700F5 /* FloatRule.swift */; };
		DF709FB422F1C18A00ACDFBB /* RegexRule.swift in Sources */ = {isa = PBXBuildFile; fileRef = DF70271122EEA2BB005700F5 /* RegexRule.swift */; };
		DF709FB522F1C18A00ACDFBB /* ZipCodeRule.swift in Sources */ = {isa = PBXBuildFile; fileRef = DF70271222EEA2BB005700F5 /* ZipCodeRule.swift */; };
		DF709FB622F1C18A00ACDFBB /* HexColorRule.swift in Sources */ = {isa = PBXBuildFile; fileRef = DF70271322EEA2BB005700F5 /* HexColorRule.swift */; };
		DF709FB722F1C18A00ACDFBB /* EmailRule.swift in Sources */ = {isa = PBXBuildFile; fileRef = DF70271422EEA2BB005700F5 /* EmailRule.swift */; };
		DF709FB822F1C18A00ACDFBB /* ArrayRule.swift in Sources */ = {isa = PBXBuildFile; fileRef = DF70271522EEA2BB005700F5 /* ArrayRule.swift */; };
		DF709FB922F1C18A00ACDFBB /* AlphaNumericRule.swift in Sources */ = {isa = PBXBuildFile; fileRef = DF70271622EEA2BB005700F5 /* AlphaNumericRule.swift */; };
		DF709FBA22F1C18A00ACDFBB /* PhoneNumberRule.swift in Sources */ = {isa = PBXBuildFile; fileRef = DF70271722EEA2BB005700F5 /* PhoneNumberRule.swift */; };
		DF709FBB22F1C18A00ACDFBB /* ISO8601DateRule.swift in Sources */ = {isa = PBXBuildFile; fileRef = DF70271822EEA2BB005700F5 /* ISO8601DateRule.swift */; };
		DF709FBC22F1C18A00ACDFBB /* RequiredRule.swift in Sources */ = {isa = PBXBuildFile; fileRef = DF70271922EEA2BB005700F5 /* RequiredRule.swift */; };
		DF709FBD22F1C18A00ACDFBB /* IPV4Rule.swift in Sources */ = {isa = PBXBuildFile; fileRef = DF70271A22EEA2BB005700F5 /* IPV4Rule.swift */; };
		DF709FBE22F1C18A00ACDFBB /* MonthRule.swift in Sources */ = {isa = PBXBuildFile; fileRef = DF70271B22EEA2BB005700F5 /* MonthRule.swift */; };
		DF709FBF22F1C18A00ACDFBB /* CoordinateRule.swift in Sources */ = {isa = PBXBuildFile; fileRef = DF70271C22EEA2BB005700F5 /* CoordinateRule.swift */; };
		DF709FC022F1C18A00ACDFBB /* YearExpiryRule.swift in Sources */ = {isa = PBXBuildFile; fileRef = DF70271D22EEA2BB005700F5 /* YearExpiryRule.swift */; };
		DF709FC122F1C18A00ACDFBB /* ValidationRule.swift in Sources */ = {isa = PBXBuildFile; fileRef = DF70271E22EEA2BB005700F5 /* ValidationRule.swift */; };
		DF709FC222F1C18A00ACDFBB /* AlphaRule.swift in Sources */ = {isa = PBXBuildFile; fileRef = DF70271F22EEA2BB005700F5 /* AlphaRule.swift */; };
		DF709FC322F1C18A00ACDFBB /* ISBNRule.swift in Sources */ = {isa = PBXBuildFile; fileRef = DF70272022EEA2BB005700F5 /* ISBNRule.swift */; };
		DF709FC422F1C18A00ACDFBB /* Validatable.swift in Sources */ = {isa = PBXBuildFile; fileRef = DF70270022EEA2BB005700F5 /* Validatable.swift */; };
		DF709FC522F1C18A00ACDFBB /* ValidationError.swift in Sources */ = {isa = PBXBuildFile; fileRef = DF70270222EEA2BB005700F5 /* ValidationError.swift */; };
		DF709FC622F1C18A00ACDFBB /* Validator.swift in Sources */ = {isa = PBXBuildFile; fileRef = DF70270122EEA2BB005700F5 /* Validator.swift */; };
		DF709FC722F1C19E00ACDFBB /* ValidatorTests.swift in Sources */ = {isa = PBXBuildFile; fileRef = DF7026F422EEA070005700F5 /* ValidatorTests.swift */; };
		DF709FC822F1C1AC00ACDFBB /* Validator.h in Headers */ = {isa = PBXBuildFile; fileRef = DF7026E922EEA070005700F5 /* Validator.h */; settings = {ATTRIBUTES = (Public, ); }; };
		DF709FD622F1C3C000ACDFBB /* FullNameRule.swift in Sources */ = {isa = PBXBuildFile; fileRef = DF70270422EEA2BB005700F5 /* FullNameRule.swift */; };
		DF709FD722F1C3C000ACDFBB /* DateRule.swift in Sources */ = {isa = PBXBuildFile; fileRef = DF70270522EEA2BB005700F5 /* DateRule.swift */; };
		DF709FD822F1C3C000ACDFBB /* RangeRule.swift in Sources */ = {isa = PBXBuildFile; fileRef = DF70270622EEA2BB005700F5 /* RangeRule.swift */; };
		DF709FD922F1C3C000ACDFBB /* CharacterSetRule.swift in Sources */ = {isa = PBXBuildFile; fileRef = DF70270722EEA2BB005700F5 /* CharacterSetRule.swift */; };
		DF709FDA22F1C3C000ACDFBB /* PasswordRule.swift in Sources */ = {isa = PBXBuildFile; fileRef = DF70270822EEA2BB005700F5 /* PasswordRule.swift */; };
		DF709FDB22F1C3C000ACDFBB /* ExactLengthRule.swift in Sources */ = {isa = PBXBuildFile; fileRef = DF70270922EEA2BB005700F5 /* ExactLengthRule.swift */; };
		DF709FDC22F1C3C000ACDFBB /* ConfirmRule.swift in Sources */ = {isa = PBXBuildFile; fileRef = DF70270A22EEA2BB005700F5 /* ConfirmRule.swift */; };
		DF709FDD22F1C3C000ACDFBB /* PinCodeRule.swift in Sources */ = {isa = PBXBuildFile; fileRef = DF70270B22EEA2BB005700F5 /* PinCodeRule.swift */; };
		DF709FDE22F1C3C000ACDFBB /* ArrayLengthRule.swift in Sources */ = {isa = PBXBuildFile; fileRef = DF70270C22EEA2BB005700F5 /* ArrayLengthRule.swift */; };
		DF709FDF22F1C3C000ACDFBB /* EnumRule.swift in Sources */ = {isa = PBXBuildFile; fileRef = DF70270D22EEA2BB005700F5 /* EnumRule.swift */; };
		DF709FE022F1C3C000ACDFBB /* ValidatableRule.swift in Sources */ = {isa = PBXBuildFile; fileRef = DF70270E22EEA2BB005700F5 /* ValidatableRule.swift */; };
		DF709FE122F1C3C000ACDFBB /* LengthRule.swift in Sources */ = {isa = PBXBuildFile; fileRef = DF70270F22EEA2BB005700F5 /* LengthRule.swift */; };
		DF709FE222F1C3C000ACDFBB /* FloatRule.swift in Sources */ = {isa = PBXBuildFile; fileRef = DF70271022EEA2BB005700F5 /* FloatRule.swift */; };
		DF709FE322F1C3C000ACDFBB /* RegexRule.swift in Sources */ = {isa = PBXBuildFile; fileRef = DF70271122EEA2BB005700F5 /* RegexRule.swift */; };
		DF709FE422F1C3C000ACDFBB /* ZipCodeRule.swift in Sources */ = {isa = PBXBuildFile; fileRef = DF70271222EEA2BB005700F5 /* ZipCodeRule.swift */; };
		DF709FE522F1C3C000ACDFBB /* HexColorRule.swift in Sources */ = {isa = PBXBuildFile; fileRef = DF70271322EEA2BB005700F5 /* HexColorRule.swift */; };
		DF709FE622F1C3C000ACDFBB /* EmailRule.swift in Sources */ = {isa = PBXBuildFile; fileRef = DF70271422EEA2BB005700F5 /* EmailRule.swift */; };
		DF709FE722F1C3C000ACDFBB /* ArrayRule.swift in Sources */ = {isa = PBXBuildFile; fileRef = DF70271522EEA2BB005700F5 /* ArrayRule.swift */; };
		DF709FE822F1C3C000ACDFBB /* AlphaNumericRule.swift in Sources */ = {isa = PBXBuildFile; fileRef = DF70271622EEA2BB005700F5 /* AlphaNumericRule.swift */; };
		DF709FE922F1C3C000ACDFBB /* PhoneNumberRule.swift in Sources */ = {isa = PBXBuildFile; fileRef = DF70271722EEA2BB005700F5 /* PhoneNumberRule.swift */; };
		DF709FEA22F1C3C000ACDFBB /* ISO8601DateRule.swift in Sources */ = {isa = PBXBuildFile; fileRef = DF70271822EEA2BB005700F5 /* ISO8601DateRule.swift */; };
		DF709FEB22F1C3C000ACDFBB /* RequiredRule.swift in Sources */ = {isa = PBXBuildFile; fileRef = DF70271922EEA2BB005700F5 /* RequiredRule.swift */; };
		DF709FEC22F1C3C000ACDFBB /* IPV4Rule.swift in Sources */ = {isa = PBXBuildFile; fileRef = DF70271A22EEA2BB005700F5 /* IPV4Rule.swift */; };
		DF709FED22F1C3C000ACDFBB /* MonthRule.swift in Sources */ = {isa = PBXBuildFile; fileRef = DF70271B22EEA2BB005700F5 /* MonthRule.swift */; };
		DF709FEE22F1C3C000ACDFBB /* CoordinateRule.swift in Sources */ = {isa = PBXBuildFile; fileRef = DF70271C22EEA2BB005700F5 /* CoordinateRule.swift */; };
		DF709FEF22F1C3C000ACDFBB /* YearExpiryRule.swift in Sources */ = {isa = PBXBuildFile; fileRef = DF70271D22EEA2BB005700F5 /* YearExpiryRule.swift */; };
		DF709FF022F1C3C000ACDFBB /* ValidationRule.swift in Sources */ = {isa = PBXBuildFile; fileRef = DF70271E22EEA2BB005700F5 /* ValidationRule.swift */; };
		DF709FF122F1C3C000ACDFBB /* AlphaRule.swift in Sources */ = {isa = PBXBuildFile; fileRef = DF70271F22EEA2BB005700F5 /* AlphaRule.swift */; };
		DF709FF222F1C3C000ACDFBB /* ISBNRule.swift in Sources */ = {isa = PBXBuildFile; fileRef = DF70272022EEA2BB005700F5 /* ISBNRule.swift */; };
		DF709FF322F1C3C000ACDFBB /* Validatable.swift in Sources */ = {isa = PBXBuildFile; fileRef = DF70270022EEA2BB005700F5 /* Validatable.swift */; };
		DF709FF422F1C3C000ACDFBB /* ValidationError.swift in Sources */ = {isa = PBXBuildFile; fileRef = DF70270222EEA2BB005700F5 /* ValidationError.swift */; };
		DF709FF522F1C3C000ACDFBB /* Validator.swift in Sources */ = {isa = PBXBuildFile; fileRef = DF70270122EEA2BB005700F5 /* Validator.swift */; };
		DF709FF622F1C42300ACDFBB /* Validator.h in Headers */ = {isa = PBXBuildFile; fileRef = DF7026E922EEA070005700F5 /* Validator.h */; settings = {ATTRIBUTES = (Public, ); }; };
/* End PBXBuildFile section */

/* Begin PBXContainerItemProxy section */
		DF7026F122EEA070005700F5 /* PBXContainerItemProxy */ = {
			isa = PBXContainerItemProxy;
			containerPortal = DF7026DD22EEA06F005700F5 /* Project object */;
			proxyType = 1;
			remoteGlobalIDString = DF7026E522EEA070005700F5;
			remoteInfo = Validator;
		};
		DF709F5C22F1BA3400ACDFBB /* PBXContainerItemProxy */ = {
			isa = PBXContainerItemProxy;
			containerPortal = DF7026DD22EEA06F005700F5 /* Project object */;
			proxyType = 1;
			remoteGlobalIDString = DF709F5122F1BA3400ACDFBB;
			remoteInfo = "Validator macOS";
		};
		DF709F9A22F1C10800ACDFBB /* PBXContainerItemProxy */ = {
			isa = PBXContainerItemProxy;
			containerPortal = DF7026DD22EEA06F005700F5 /* Project object */;
			proxyType = 1;
			remoteGlobalIDString = DF709F8F22F1C10700ACDFBB;
			remoteInfo = "Validator tvOS";
		};
/* End PBXContainerItemProxy section */

/* Begin PBXFileReference section */
		DF7026E622EEA070005700F5 /* Validator.framework */ = {isa = PBXFileReference; explicitFileType = wrapper.framework; includeInIndex = 0; path = Validator.framework; sourceTree = BUILT_PRODUCTS_DIR; };
		DF7026E922EEA070005700F5 /* Validator.h */ = {isa = PBXFileReference; lastKnownFileType = sourcecode.c.h; path = Validator.h; sourceTree = "<group>"; };
		DF7026EA22EEA070005700F5 /* Info.plist */ = {isa = PBXFileReference; lastKnownFileType = text.plist.xml; path = Info.plist; sourceTree = "<group>"; };
		DF7026EF22EEA070005700F5 /* Validator iOS Tests.xctest */ = {isa = PBXFileReference; explicitFileType = wrapper.cfbundle; includeInIndex = 0; path = "Validator iOS Tests.xctest"; sourceTree = BUILT_PRODUCTS_DIR; };
		DF7026F422EEA070005700F5 /* ValidatorTests.swift */ = {isa = PBXFileReference; lastKnownFileType = sourcecode.swift; path = ValidatorTests.swift; sourceTree = "<group>"; };
		DF7026F622EEA070005700F5 /* Info.plist */ = {isa = PBXFileReference; lastKnownFileType = text.plist.xml; path = Info.plist; sourceTree = "<group>"; };
		DF70270022EEA2BB005700F5 /* Validatable.swift */ = {isa = PBXFileReference; fileEncoding = 4; lastKnownFileType = sourcecode.swift; path = Validatable.swift; sourceTree = "<group>"; };
		DF70270122EEA2BB005700F5 /* Validator.swift */ = {isa = PBXFileReference; fileEncoding = 4; lastKnownFileType = sourcecode.swift; path = Validator.swift; sourceTree = "<group>"; };
		DF70270222EEA2BB005700F5 /* ValidationError.swift */ = {isa = PBXFileReference; fileEncoding = 4; lastKnownFileType = sourcecode.swift; path = ValidationError.swift; sourceTree = "<group>"; };
		DF70270422EEA2BB005700F5 /* FullNameRule.swift */ = {isa = PBXFileReference; fileEncoding = 4; lastKnownFileType = sourcecode.swift; path = FullNameRule.swift; sourceTree = "<group>"; };
		DF70270522EEA2BB005700F5 /* DateRule.swift */ = {isa = PBXFileReference; fileEncoding = 4; lastKnownFileType = sourcecode.swift; path = DateRule.swift; sourceTree = "<group>"; };
		DF70270622EEA2BB005700F5 /* RangeRule.swift */ = {isa = PBXFileReference; fileEncoding = 4; lastKnownFileType = sourcecode.swift; path = RangeRule.swift; sourceTree = "<group>"; };
		DF70270722EEA2BB005700F5 /* CharacterSetRule.swift */ = {isa = PBXFileReference; fileEncoding = 4; lastKnownFileType = sourcecode.swift; path = CharacterSetRule.swift; sourceTree = "<group>"; };
		DF70270822EEA2BB005700F5 /* PasswordRule.swift */ = {isa = PBXFileReference; fileEncoding = 4; lastKnownFileType = sourcecode.swift; path = PasswordRule.swift; sourceTree = "<group>"; };
		DF70270922EEA2BB005700F5 /* ExactLengthRule.swift */ = {isa = PBXFileReference; fileEncoding = 4; lastKnownFileType = sourcecode.swift; path = ExactLengthRule.swift; sourceTree = "<group>"; };
		DF70270A22EEA2BB005700F5 /* ConfirmRule.swift */ = {isa = PBXFileReference; fileEncoding = 4; lastKnownFileType = sourcecode.swift; path = ConfirmRule.swift; sourceTree = "<group>"; };
		DF70270B22EEA2BB005700F5 /* PinCodeRule.swift */ = {isa = PBXFileReference; fileEncoding = 4; lastKnownFileType = sourcecode.swift; path = PinCodeRule.swift; sourceTree = "<group>"; };
		DF70270C22EEA2BB005700F5 /* ArrayLengthRule.swift */ = {isa = PBXFileReference; fileEncoding = 4; lastKnownFileType = sourcecode.swift; path = ArrayLengthRule.swift; sourceTree = "<group>"; };
		DF70270D22EEA2BB005700F5 /* EnumRule.swift */ = {isa = PBXFileReference; fileEncoding = 4; lastKnownFileType = sourcecode.swift; path = EnumRule.swift; sourceTree = "<group>"; };
		DF70270E22EEA2BB005700F5 /* ValidatableRule.swift */ = {isa = PBXFileReference; fileEncoding = 4; lastKnownFileType = sourcecode.swift; path = ValidatableRule.swift; sourceTree = "<group>"; };
		DF70270F22EEA2BB005700F5 /* LengthRule.swift */ = {isa = PBXFileReference; fileEncoding = 4; lastKnownFileType = sourcecode.swift; path = LengthRule.swift; sourceTree = "<group>"; };
		DF70271022EEA2BB005700F5 /* FloatRule.swift */ = {isa = PBXFileReference; fileEncoding = 4; lastKnownFileType = sourcecode.swift; path = FloatRule.swift; sourceTree = "<group>"; };
		DF70271122EEA2BB005700F5 /* RegexRule.swift */ = {isa = PBXFileReference; fileEncoding = 4; lastKnownFileType = sourcecode.swift; path = RegexRule.swift; sourceTree = "<group>"; };
		DF70271222EEA2BB005700F5 /* ZipCodeRule.swift */ = {isa = PBXFileReference; fileEncoding = 4; lastKnownFileType = sourcecode.swift; path = ZipCodeRule.swift; sourceTree = "<group>"; };
		DF70271322EEA2BB005700F5 /* HexColorRule.swift */ = {isa = PBXFileReference; fileEncoding = 4; lastKnownFileType = sourcecode.swift; path = HexColorRule.swift; sourceTree = "<group>"; };
		DF70271422EEA2BB005700F5 /* EmailRule.swift */ = {isa = PBXFileReference; fileEncoding = 4; lastKnownFileType = sourcecode.swift; path = EmailRule.swift; sourceTree = "<group>"; };
		DF70271522EEA2BB005700F5 /* ArrayRule.swift */ = {isa = PBXFileReference; fileEncoding = 4; lastKnownFileType = sourcecode.swift; path = ArrayRule.swift; sourceTree = "<group>"; };
		DF70271622EEA2BB005700F5 /* AlphaNumericRule.swift */ = {isa = PBXFileReference; fileEncoding = 4; lastKnownFileType = sourcecode.swift; path = AlphaNumericRule.swift; sourceTree = "<group>"; };
		DF70271722EEA2BB005700F5 /* PhoneNumberRule.swift */ = {isa = PBXFileReference; fileEncoding = 4; lastKnownFileType = sourcecode.swift; path = PhoneNumberRule.swift; sourceTree = "<group>"; };
		DF70271822EEA2BB005700F5 /* ISO8601DateRule.swift */ = {isa = PBXFileReference; fileEncoding = 4; lastKnownFileType = sourcecode.swift; path = ISO8601DateRule.swift; sourceTree = "<group>"; };
		DF70271922EEA2BB005700F5 /* RequiredRule.swift */ = {isa = PBXFileReference; fileEncoding = 4; lastKnownFileType = sourcecode.swift; path = RequiredRule.swift; sourceTree = "<group>"; };
		DF70271A22EEA2BB005700F5 /* IPV4Rule.swift */ = {isa = PBXFileReference; fileEncoding = 4; lastKnownFileType = sourcecode.swift; path = IPV4Rule.swift; sourceTree = "<group>"; };
		DF70271B22EEA2BB005700F5 /* MonthRule.swift */ = {isa = PBXFileReference; fileEncoding = 4; lastKnownFileType = sourcecode.swift; path = MonthRule.swift; sourceTree = "<group>"; };
		DF70271C22EEA2BB005700F5 /* CoordinateRule.swift */ = {isa = PBXFileReference; fileEncoding = 4; lastKnownFileType = sourcecode.swift; path = CoordinateRule.swift; sourceTree = "<group>"; };
		DF70271D22EEA2BB005700F5 /* YearExpiryRule.swift */ = {isa = PBXFileReference; fileEncoding = 4; lastKnownFileType = sourcecode.swift; path = YearExpiryRule.swift; sourceTree = "<group>"; };
		DF70271E22EEA2BB005700F5 /* ValidationRule.swift */ = {isa = PBXFileReference; fileEncoding = 4; lastKnownFileType = sourcecode.swift; path = ValidationRule.swift; sourceTree = "<group>"; };
		DF70271F22EEA2BB005700F5 /* AlphaRule.swift */ = {isa = PBXFileReference; fileEncoding = 4; lastKnownFileType = sourcecode.swift; path = AlphaRule.swift; sourceTree = "<group>"; };
		DF70272022EEA2BB005700F5 /* ISBNRule.swift */ = {isa = PBXFileReference; fileEncoding = 4; lastKnownFileType = sourcecode.swift; path = ISBNRule.swift; sourceTree = "<group>"; };
		DF709F5222F1BA3400ACDFBB /* Validator.framework */ = {isa = PBXFileReference; explicitFileType = wrapper.framework; includeInIndex = 0; path = Validator.framework; sourceTree = BUILT_PRODUCTS_DIR; };
		DF709F5A22F1BA3400ACDFBB /* Validator macOS Tests.xctest */ = {isa = PBXFileReference; explicitFileType = wrapper.cfbundle; includeInIndex = 0; path = "Validator macOS Tests.xctest"; sourceTree = BUILT_PRODUCTS_DIR; };
		DF709F9022F1C10700ACDFBB /* Validator.framework */ = {isa = PBXFileReference; explicitFileType = wrapper.framework; includeInIndex = 0; path = Validator.framework; sourceTree = BUILT_PRODUCTS_DIR; };
		DF709F9822F1C10800ACDFBB /* Validator tvOS Tests.xctest */ = {isa = PBXFileReference; explicitFileType = wrapper.cfbundle; includeInIndex = 0; path = "Validator tvOS Tests.xctest"; sourceTree = BUILT_PRODUCTS_DIR; };
		DF709FCE22F1C35100ACDFBB /* Validator.framework */ = {isa = PBXFileReference; explicitFileType = wrapper.framework; includeInIndex = 0; path = Validator.framework; sourceTree = BUILT_PRODUCTS_DIR; };
/* End PBXFileReference section */

/* Begin PBXFrameworksBuildPhase section */
		DF7026E322EEA070005700F5 /* Frameworks */ = {
			isa = PBXFrameworksBuildPhase;
			buildActionMask = 2147483647;
			files = (
			);
			runOnlyForDeploymentPostprocessing = 0;
		};
		DF7026EC22EEA070005700F5 /* Frameworks */ = {
			isa = PBXFrameworksBuildPhase;
			buildActionMask = 2147483647;
			files = (
				DF7026F022EEA070005700F5 /* Validator.framework in Frameworks */,
			);
			runOnlyForDeploymentPostprocessing = 0;
		};
		DF709F4F22F1BA3400ACDFBB /* Frameworks */ = {
			isa = PBXFrameworksBuildPhase;
			buildActionMask = 2147483647;
			files = (
			);
			runOnlyForDeploymentPostprocessing = 0;
		};
		DF709F5722F1BA3400ACDFBB /* Frameworks */ = {
			isa = PBXFrameworksBuildPhase;
			buildActionMask = 2147483647;
			files = (
				DF709F5B22F1BA3400ACDFBB /* Validator.framework in Frameworks */,
			);
			runOnlyForDeploymentPostprocessing = 0;
		};
		DF709F8D22F1C10700ACDFBB /* Frameworks */ = {
			isa = PBXFrameworksBuildPhase;
			buildActionMask = 2147483647;
			files = (
			);
			runOnlyForDeploymentPostprocessing = 0;
		};
		DF709F9522F1C10800ACDFBB /* Frameworks */ = {
			isa = PBXFrameworksBuildPhase;
			buildActionMask = 2147483647;
			files = (
				DF709F9922F1C10800ACDFBB /* Validator.framework in Frameworks */,
			);
			runOnlyForDeploymentPostprocessing = 0;
		};
		DF709FCB22F1C35100ACDFBB /* Frameworks */ = {
			isa = PBXFrameworksBuildPhase;
			buildActionMask = 2147483647;
			files = (
			);
			runOnlyForDeploymentPostprocessing = 0;
		};
/* End PBXFrameworksBuildPhase section */

/* Begin PBXGroup section */
		DF7026DC22EEA06F005700F5 = {
			isa = PBXGroup;
			children = (
				DF7026E822EEA070005700F5 /* Sources */,
				DF7026F322EEA070005700F5 /* Tests */,
				DF7026E722EEA070005700F5 /* Products */,
			);
			sourceTree = "<group>";
		};
		DF7026E722EEA070005700F5 /* Products */ = {
			isa = PBXGroup;
			children = (
				DF7026E622EEA070005700F5 /* Validator.framework */,
				DF7026EF22EEA070005700F5 /* Validator iOS Tests.xctest */,
				DF709F5222F1BA3400ACDFBB /* Validator.framework */,
				DF709F5A22F1BA3400ACDFBB /* Validator macOS Tests.xctest */,
				DF709F9022F1C10700ACDFBB /* Validator.framework */,
				DF709F9822F1C10800ACDFBB /* Validator tvOS Tests.xctest */,
				DF709FCE22F1C35100ACDFBB /* Validator.framework */,
			);
			name = Products;
			sourceTree = "<group>";
		};
		DF7026E822EEA070005700F5 /* Sources */ = {
			isa = PBXGroup;
			children = (
				DF70270322EEA2BB005700F5 /* Rules */,
				DF70270022EEA2BB005700F5 /* Validatable.swift */,
				DF70270222EEA2BB005700F5 /* ValidationError.swift */,
				DF70270122EEA2BB005700F5 /* Validator.swift */,
				DF709F4B22F1B8FA00ACDFBB /* Supporting Files */,
			);
			path = Sources;
			sourceTree = "<group>";
		};
		DF7026F322EEA070005700F5 /* Tests */ = {
			isa = PBXGroup;
			children = (
				DF7026F422EEA070005700F5 /* ValidatorTests.swift */,
				DF709F4C22F1B90D00ACDFBB /* Supporting Files */,
			);
			path = Tests;
			sourceTree = "<group>";
		};
		DF70270322EEA2BB005700F5 /* Rules */ = {
			isa = PBXGroup;
			children = (
				DF70271E22EEA2BB005700F5 /* ValidationRule.swift */,
				DF70271922EEA2BB005700F5 /* RequiredRule.swift */,
				DF70271F22EEA2BB005700F5 /* AlphaRule.swift */,
				DF70270422EEA2BB005700F5 /* FullNameRule.swift */,
				DF70270522EEA2BB005700F5 /* DateRule.swift */,
				DF70270622EEA2BB005700F5 /* RangeRule.swift */,
				DF70270722EEA2BB005700F5 /* CharacterSetRule.swift */,
				DF70270822EEA2BB005700F5 /* PasswordRule.swift */,
				DF70270922EEA2BB005700F5 /* ExactLengthRule.swift */,
				DF70270A22EEA2BB005700F5 /* ConfirmRule.swift */,
				DF70270B22EEA2BB005700F5 /* PinCodeRule.swift */,
				DF70270C22EEA2BB005700F5 /* ArrayLengthRule.swift */,
				DF70270D22EEA2BB005700F5 /* EnumRule.swift */,
				DF70270F22EEA2BB005700F5 /* LengthRule.swift */,
				DF70271022EEA2BB005700F5 /* FloatRule.swift */,
				DF70271122EEA2BB005700F5 /* RegexRule.swift */,
				DF70271222EEA2BB005700F5 /* ZipCodeRule.swift */,
				DF70271322EEA2BB005700F5 /* HexColorRule.swift */,
				DF70271422EEA2BB005700F5 /* EmailRule.swift */,
				DF70271522EEA2BB005700F5 /* ArrayRule.swift */,
				DF70271622EEA2BB005700F5 /* AlphaNumericRule.swift */,
				DF70271722EEA2BB005700F5 /* PhoneNumberRule.swift */,
				DF70271822EEA2BB005700F5 /* ISO8601DateRule.swift */,
				DF70271A22EEA2BB005700F5 /* IPV4Rule.swift */,
				DF70271B22EEA2BB005700F5 /* MonthRule.swift */,
				DF70271C22EEA2BB005700F5 /* CoordinateRule.swift */,
				DF70271D22EEA2BB005700F5 /* YearExpiryRule.swift */,
				DF70270E22EEA2BB005700F5 /* ValidatableRule.swift */,
				DF70272022EEA2BB005700F5 /* ISBNRule.swift */,
			);
			path = Rules;
			sourceTree = "<group>";
		};
		DF709F4B22F1B8FA00ACDFBB /* Supporting Files */ = {
			isa = PBXGroup;
			children = (
				DF7026E922EEA070005700F5 /* Validator.h */,
				DF7026EA22EEA070005700F5 /* Info.plist */,
			);
			name = "Supporting Files";
			sourceTree = "<group>";
		};
		DF709F4C22F1B90D00ACDFBB /* Supporting Files */ = {
			isa = PBXGroup;
			children = (
				DF7026F622EEA070005700F5 /* Info.plist */,
			);
			name = "Supporting Files";
			sourceTree = "<group>";
		};
/* End PBXGroup section */

/* Begin PBXHeadersBuildPhase section */
		DF7026E122EEA070005700F5 /* Headers */ = {
			isa = PBXHeadersBuildPhase;
			buildActionMask = 2147483647;
			files = (
				DF7026F722EEA070005700F5 /* Validator.h in Headers */,
			);
			runOnlyForDeploymentPostprocessing = 0;
		};
		DF709F4D22F1BA3400ACDFBB /* Headers */ = {
			isa = PBXHeadersBuildPhase;
			buildActionMask = 2147483647;
			files = (
				DF709F8922F1C08A00ACDFBB /* Validator.h in Headers */,
			);
			runOnlyForDeploymentPostprocessing = 0;
		};
		DF709F8B22F1C10700ACDFBB /* Headers */ = {
			isa = PBXHeadersBuildPhase;
			buildActionMask = 2147483647;
			files = (
				DF709FC822F1C1AC00ACDFBB /* Validator.h in Headers */,
			);
			runOnlyForDeploymentPostprocessing = 0;
		};
		DF709FC922F1C35100ACDFBB /* Headers */ = {
			isa = PBXHeadersBuildPhase;
			buildActionMask = 2147483647;
			files = (
				DF709FF622F1C42300ACDFBB /* Validator.h in Headers */,
			);
			runOnlyForDeploymentPostprocessing = 0;
		};
/* End PBXHeadersBuildPhase section */

/* Begin PBXNativeTarget section */
		DF7026E522EEA070005700F5 /* Validator iOS */ = {
			isa = PBXNativeTarget;
			buildConfigurationList = DF7026FA22EEA070005700F5 /* Build configuration list for PBXNativeTarget "Validator iOS" */;
			buildPhases = (
				DF7026E122EEA070005700F5 /* Headers */,
				DF7026E222EEA070005700F5 /* Sources */,
				DF7026E322EEA070005700F5 /* Frameworks */,
				DF7026E422EEA070005700F5 /* Resources */,
			);
			buildRules = (
			);
			dependencies = (
			);
			name = "Validator iOS";
			productName = Validator;
			productReference = DF7026E622EEA070005700F5 /* Validator.framework */;
			productType = "com.apple.product-type.framework";
		};
		DF7026EE22EEA070005700F5 /* Validator iOS Tests */ = {
			isa = PBXNativeTarget;
			buildConfigurationList = DF7026FD22EEA070005700F5 /* Build configuration list for PBXNativeTarget "Validator iOS Tests" */;
			buildPhases = (
				DF7026EB22EEA070005700F5 /* Sources */,
				DF7026EC22EEA070005700F5 /* Frameworks */,
				DF7026ED22EEA070005700F5 /* Resources */,
			);
			buildRules = (
			);
			dependencies = (
				DF7026F222EEA070005700F5 /* PBXTargetDependency */,
			);
			name = "Validator iOS Tests";
			productName = ValidatorTests;
			productReference = DF7026EF22EEA070005700F5 /* Validator iOS Tests.xctest */;
			productType = "com.apple.product-type.bundle.unit-test";
		};
		DF709F5122F1BA3400ACDFBB /* Validator macOS */ = {
			isa = PBXNativeTarget;
			buildConfigurationList = DF709F6322F1BA3400ACDFBB /* Build configuration list for PBXNativeTarget "Validator macOS" */;
			buildPhases = (
				DF709F4D22F1BA3400ACDFBB /* Headers */,
				DF709F4E22F1BA3400ACDFBB /* Sources */,
				DF709F4F22F1BA3400ACDFBB /* Frameworks */,
				DF709F5022F1BA3400ACDFBB /* Resources */,
			);
			buildRules = (
			);
			dependencies = (
			);
			name = "Validator macOS";
			productName = "Validator macOS";
			productReference = DF709F5222F1BA3400ACDFBB /* Validator.framework */;
			productType = "com.apple.product-type.framework";
		};
		DF709F5922F1BA3400ACDFBB /* Validator macOS Tests */ = {
			isa = PBXNativeTarget;
			buildConfigurationList = DF709F6622F1BA3400ACDFBB /* Build configuration list for PBXNativeTarget "Validator macOS Tests" */;
			buildPhases = (
				DF709F5622F1BA3400ACDFBB /* Sources */,
				DF709F5722F1BA3400ACDFBB /* Frameworks */,
				DF709F5822F1BA3400ACDFBB /* Resources */,
			);
			buildRules = (
			);
			dependencies = (
				DF709F5D22F1BA3400ACDFBB /* PBXTargetDependency */,
			);
			name = "Validator macOS Tests";
			productName = "Validator macOSTests";
			productReference = DF709F5A22F1BA3400ACDFBB /* Validator macOS Tests.xctest */;
			productType = "com.apple.product-type.bundle.unit-test";
		};
		DF709F8F22F1C10700ACDFBB /* Validator tvOS */ = {
			isa = PBXNativeTarget;
			buildConfigurationList = DF709FA122F1C10800ACDFBB /* Build configuration list for PBXNativeTarget "Validator tvOS" */;
			buildPhases = (
				DF709F8B22F1C10700ACDFBB /* Headers */,
				DF709F8C22F1C10700ACDFBB /* Sources */,
				DF709F8D22F1C10700ACDFBB /* Frameworks */,
				DF709F8E22F1C10700ACDFBB /* Resources */,
			);
			buildRules = (
			);
			dependencies = (
			);
			name = "Validator tvOS";
			productName = "Validator tvOS";
			productReference = DF709F9022F1C10700ACDFBB /* Validator.framework */;
			productType = "com.apple.product-type.framework";
		};
		DF709F9722F1C10800ACDFBB /* Validator tvOS Tests */ = {
			isa = PBXNativeTarget;
			buildConfigurationList = DF709FA422F1C10800ACDFBB /* Build configuration list for PBXNativeTarget "Validator tvOS Tests" */;
			buildPhases = (
				DF709F9422F1C10800ACDFBB /* Sources */,
				DF709F9522F1C10800ACDFBB /* Frameworks */,
				DF709F9622F1C10800ACDFBB /* Resources */,
			);
			buildRules = (
			);
			dependencies = (
				DF709F9B22F1C10800ACDFBB /* PBXTargetDependency */,
			);
			name = "Validator tvOS Tests";
			productName = "Validator tvOSTests";
			productReference = DF709F9822F1C10800ACDFBB /* Validator tvOS Tests.xctest */;
			productType = "com.apple.product-type.bundle.unit-test";
		};
		DF709FCD22F1C35100ACDFBB /* Validator watchOS */ = {
			isa = PBXNativeTarget;
			buildConfigurationList = DF709FD322F1C35100ACDFBB /* Build configuration list for PBXNativeTarget "Validator watchOS" */;
			buildPhases = (
				DF709FC922F1C35100ACDFBB /* Headers */,
				DF709FCA22F1C35100ACDFBB /* Sources */,
				DF709FCB22F1C35100ACDFBB /* Frameworks */,
				DF709FCC22F1C35100ACDFBB /* Resources */,
			);
			buildRules = (
			);
			dependencies = (
			);
			name = "Validator watchOS";
			productName = "Validator watchOS";
			productReference = DF709FCE22F1C35100ACDFBB /* Validator.framework */;
			productType = "com.apple.product-type.framework";
		};
/* End PBXNativeTarget section */

/* Begin PBXProject section */
		DF7026DD22EEA06F005700F5 /* Project object */ = {
			isa = PBXProject;
			attributes = {
				LastSwiftUpdateCheck = 1010;
				LastUpgradeCheck = 1010;
				ORGANIZATIONNAME = smbhuin;
				TargetAttributes = {
					DF7026E522EEA070005700F5 = {
						CreatedOnToolsVersion = 10.1;
						LastSwiftMigration = 1010;
					};
					DF7026EE22EEA070005700F5 = {
						CreatedOnToolsVersion = 10.1;
					};
					DF709F5122F1BA3400ACDFBB = {
						CreatedOnToolsVersion = 10.1;
					};
					DF709F5922F1BA3400ACDFBB = {
						CreatedOnToolsVersion = 10.1;
					};
					DF709F8F22F1C10700ACDFBB = {
						CreatedOnToolsVersion = 10.1;
					};
					DF709F9722F1C10800ACDFBB = {
						CreatedOnToolsVersion = 10.1;
					};
					DF709FCD22F1C35100ACDFBB = {
						CreatedOnToolsVersion = 10.1;
					};
				};
			};
			buildConfigurationList = DF7026E022EEA06F005700F5 /* Build configuration list for PBXProject "Validator" */;
			compatibilityVersion = "Xcode 9.3";
			developmentRegion = en;
			hasScannedForEncodings = 0;
			knownRegions = (
				en,
			);
			mainGroup = DF7026DC22EEA06F005700F5;
			productRefGroup = DF7026E722EEA070005700F5 /* Products */;
			projectDirPath = "";
			projectRoot = "";
			targets = (
				DF7026E522EEA070005700F5 /* Validator iOS */,
				DF7026EE22EEA070005700F5 /* Validator iOS Tests */,
				DF709F5122F1BA3400ACDFBB /* Validator macOS */,
				DF709F5922F1BA3400ACDFBB /* Validator macOS Tests */,
				DF709F8F22F1C10700ACDFBB /* Validator tvOS */,
				DF709F9722F1C10800ACDFBB /* Validator tvOS Tests */,
				DF709FCD22F1C35100ACDFBB /* Validator watchOS */,
			);
		};
/* End PBXProject section */

/* Begin PBXResourcesBuildPhase section */
		DF7026E422EEA070005700F5 /* Resources */ = {
			isa = PBXResourcesBuildPhase;
			buildActionMask = 2147483647;
			files = (
			);
			runOnlyForDeploymentPostprocessing = 0;
		};
		DF7026ED22EEA070005700F5 /* Resources */ = {
			isa = PBXResourcesBuildPhase;
			buildActionMask = 2147483647;
			files = (
			);
			runOnlyForDeploymentPostprocessing = 0;
		};
		DF709F5022F1BA3400ACDFBB /* Resources */ = {
			isa = PBXResourcesBuildPhase;
			buildActionMask = 2147483647;
			files = (
			);
			runOnlyForDeploymentPostprocessing = 0;
		};
		DF709F5822F1BA3400ACDFBB /* Resources */ = {
			isa = PBXResourcesBuildPhase;
			buildActionMask = 2147483647;
			files = (
			);
			runOnlyForDeploymentPostprocessing = 0;
		};
		DF709F8E22F1C10700ACDFBB /* Resources */ = {
			isa = PBXResourcesBuildPhase;
			buildActionMask = 2147483647;
			files = (
			);
			runOnlyForDeploymentPostprocessing = 0;
		};
		DF709F9622F1C10800ACDFBB /* Resources */ = {
			isa = PBXResourcesBuildPhase;
			buildActionMask = 2147483647;
			files = (
			);
			runOnlyForDeploymentPostprocessing = 0;
		};
		DF709FCC22F1C35100ACDFBB /* Resources */ = {
			isa = PBXResourcesBuildPhase;
			buildActionMask = 2147483647;
			files = (
			);
			runOnlyForDeploymentPostprocessing = 0;
		};
/* End PBXResourcesBuildPhase section */

/* Begin PBXSourcesBuildPhase section */
		DF7026E222EEA070005700F5 /* Sources */ = {
			isa = PBXSourcesBuildPhase;
			buildActionMask = 2147483647;
			files = (
				DF70272D22EEA2BB005700F5 /* EnumRule.swift in Sources */,
				DF70272B22EEA2BB005700F5 /* PinCodeRule.swift in Sources */,
				DF70272C22EEA2BB005700F5 /* ArrayLengthRule.swift in Sources */,
				DF70272822EEA2BB005700F5 /* PasswordRule.swift in Sources */,
				DF70272522EEA2BB005700F5 /* DateRule.swift in Sources */,
				DF70273D22EEA2BB005700F5 /* YearExpiryRule.swift in Sources */,
				DF70272A22EEA2BB005700F5 /* ConfirmRule.swift in Sources */,
				DF70273A22EEA2BB005700F5 /* IPV4Rule.swift in Sources */,
				DF70273C22EEA2BB005700F5 /* CoordinateRule.swift in Sources */,
				DF70273322EEA2BB005700F5 /* HexColorRule.swift in Sources */,
				DF70272622EEA2BB005700F5 /* RangeRule.swift in Sources */,
				DF70272222EEA2BB005700F5 /* Validator.swift in Sources */,
				DF70273E22EEA2BB005700F5 /* ValidationRule.swift in Sources */,
				DF70274022EEA2BB005700F5 /* ISBNRule.swift in Sources */,
				DF70273022EEA2BB005700F5 /* FloatRule.swift in Sources */,
				DF70273522EEA2BB005700F5 /* ArrayRule.swift in Sources */,
				DF70273922EEA2BB005700F5 /* RequiredRule.swift in Sources */,
				DF70273B22EEA2BB005700F5 /* MonthRule.swift in Sources */,
				DF70272422EEA2BB005700F5 /* FullNameRule.swift in Sources */,
				DF70272922EEA2BB005700F5 /* ExactLengthRule.swift in Sources */,
				DF70272722EEA2BB005700F5 /* CharacterSetRule.swift in Sources */,
				DF70272122EEA2BB005700F5 /* Validatable.swift in Sources */,
				DF70273422EEA2BB005700F5 /* EmailRule.swift in Sources */,
				DF70273822EEA2BB005700F5 /* ISO8601DateRule.swift in Sources */,
				DF70273722EEA2BB005700F5 /* PhoneNumberRule.swift in Sources */,
				DF70273622EEA2BB005700F5 /* AlphaNumericRule.swift in Sources */,
				DF70273F22EEA2BB005700F5 /* AlphaRule.swift in Sources */,
				DF70272F22EEA2BB005700F5 /* LengthRule.swift in Sources */,
				DF70272322EEA2BB005700F5 /* ValidationError.swift in Sources */,
				DF70273122EEA2BB005700F5 /* RegexRule.swift in Sources */,
				DF70273222EEA2BB005700F5 /* ZipCodeRule.swift in Sources */,
				DF70272E22EEA2BB005700F5 /* ValidatableRule.swift in Sources */,
			);
			runOnlyForDeploymentPostprocessing = 0;
		};
		DF7026EB22EEA070005700F5 /* Sources */ = {
			isa = PBXSourcesBuildPhase;
			buildActionMask = 2147483647;
			files = (
				DF7026F522EEA070005700F5 /* ValidatorTests.swift in Sources */,
			);
			runOnlyForDeploymentPostprocessing = 0;
		};
		DF709F4E22F1BA3400ACDFBB /* Sources */ = {
			isa = PBXSourcesBuildPhase;
			buildActionMask = 2147483647;
			files = (
				DF709F6922F1C08100ACDFBB /* FullNameRule.swift in Sources */,
				DF709F6A22F1C08100ACDFBB /* DateRule.swift in Sources */,
				DF709F6B22F1C08100ACDFBB /* RangeRule.swift in Sources */,
				DF709F6C22F1C08100ACDFBB /* CharacterSetRule.swift in Sources */,
				DF709F6D22F1C08100ACDFBB /* PasswordRule.swift in Sources */,
				DF709F6E22F1C08100ACDFBB /* ExactLengthRule.swift in Sources */,
				DF709F6F22F1C08100ACDFBB /* ConfirmRule.swift in Sources */,
				DF709F7022F1C08100ACDFBB /* PinCodeRule.swift in Sources */,
				DF709F7122F1C08100ACDFBB /* ArrayLengthRule.swift in Sources */,
				DF709F7222F1C08100ACDFBB /* EnumRule.swift in Sources */,
				DF709F7322F1C08100ACDFBB /* ValidatableRule.swift in Sources */,
				DF709F7422F1C08100ACDFBB /* LengthRule.swift in Sources */,
				DF709F7522F1C08100ACDFBB /* FloatRule.swift in Sources */,
				DF709F7622F1C08100ACDFBB /* RegexRule.swift in Sources */,
				DF709F7722F1C08100ACDFBB /* ZipCodeRule.swift in Sources */,
				DF709F7822F1C08100ACDFBB /* HexColorRule.swift in Sources */,
				DF709F7922F1C08100ACDFBB /* EmailRule.swift in Sources */,
				DF709F7A22F1C08100ACDFBB /* ArrayRule.swift in Sources */,
				DF709F7B22F1C08100ACDFBB /* AlphaNumericRule.swift in Sources */,
				DF709F7C22F1C08100ACDFBB /* PhoneNumberRule.swift in Sources */,
				DF709F7D22F1C08100ACDFBB /* ISO8601DateRule.swift in Sources */,
				DF709F7E22F1C08100ACDFBB /* RequiredRule.swift in Sources */,
				DF709F7F22F1C08100ACDFBB /* IPV4Rule.swift in Sources */,
				DF709F8022F1C08100ACDFBB /* MonthRule.swift in Sources */,
				DF709F8122F1C08100ACDFBB /* CoordinateRule.swift in Sources */,
				DF709F8222F1C08100ACDFBB /* YearExpiryRule.swift in Sources */,
				DF709F8322F1C08100ACDFBB /* ValidationRule.swift in Sources */,
				DF709F8422F1C08100ACDFBB /* AlphaRule.swift in Sources */,
				DF709F8522F1C08100ACDFBB /* ISBNRule.swift in Sources */,
				DF709F8622F1C08100ACDFBB /* Validatable.swift in Sources */,
				DF709F8722F1C08100ACDFBB /* ValidationError.swift in Sources */,
				DF709F8822F1C08100ACDFBB /* Validator.swift in Sources */,
			);
			runOnlyForDeploymentPostprocessing = 0;
		};
		DF709F5622F1BA3400ACDFBB /* Sources */ = {
			isa = PBXSourcesBuildPhase;
			buildActionMask = 2147483647;
			files = (
				DF709F8A22F1C0B200ACDFBB /* ValidatorTests.swift in Sources */,
			);
			runOnlyForDeploymentPostprocessing = 0;
		};
		DF709F8C22F1C10700ACDFBB /* Sources */ = {
			isa = PBXSourcesBuildPhase;
			buildActionMask = 2147483647;
			files = (
				DF709FA722F1C18A00ACDFBB /* FullNameRule.swift in Sources */,
				DF709FA822F1C18A00ACDFBB /* DateRule.swift in Sources */,
				DF709FA922F1C18A00ACDFBB /* RangeRule.swift in Sources */,
				DF709FAA22F1C18A00ACDFBB /* CharacterSetRule.swift in Sources */,
				DF709FAB22F1C18A00ACDFBB /* PasswordRule.swift in Sources */,
				DF709FAC22F1C18A00ACDFBB /* ExactLengthRule.swift in Sources */,
				DF709FAD22F1C18A00ACDFBB /* ConfirmRule.swift in Sources */,
				DF709FAE22F1C18A00ACDFBB /* PinCodeRule.swift in Sources */,
				DF709FAF22F1C18A00ACDFBB /* ArrayLengthRule.swift in Sources */,
				DF709FB022F1C18A00ACDFBB /* EnumRule.swift in Sources */,
				DF709FB122F1C18A00ACDFBB /* ValidatableRule.swift in Sources */,
				DF709FB222F1C18A00ACDFBB /* LengthRule.swift in Sources */,
				DF709FB322F1C18A00ACDFBB /* FloatRule.swift in Sources */,
				DF709FB422F1C18A00ACDFBB /* RegexRule.swift in Sources */,
				DF709FB522F1C18A00ACDFBB /* ZipCodeRule.swift in Sources */,
				DF709FB622F1C18A00ACDFBB /* HexColorRule.swift in Sources */,
				DF709FB722F1C18A00ACDFBB /* EmailRule.swift in Sources */,
				DF709FB822F1C18A00ACDFBB /* ArrayRule.swift in Sources */,
				DF709FB922F1C18A00ACDFBB /* AlphaNumericRule.swift in Sources */,
				DF709FBA22F1C18A00ACDFBB /* PhoneNumberRule.swift in Sources */,
				DF709FBB22F1C18A00ACDFBB /* ISO8601DateRule.swift in Sources */,
				DF709FBC22F1C18A00ACDFBB /* RequiredRule.swift in Sources */,
				DF709FBD22F1C18A00ACDFBB /* IPV4Rule.swift in Sources */,
				DF709FBE22F1C18A00ACDFBB /* MonthRule.swift in Sources */,
				DF709FBF22F1C18A00ACDFBB /* CoordinateRule.swift in Sources */,
				DF709FC022F1C18A00ACDFBB /* YearExpiryRule.swift in Sources */,
				DF709FC122F1C18A00ACDFBB /* ValidationRule.swift in Sources */,
				DF709FC222F1C18A00ACDFBB /* AlphaRule.swift in Sources */,
				DF709FC322F1C18A00ACDFBB /* ISBNRule.swift in Sources */,
				DF709FC422F1C18A00ACDFBB /* Validatable.swift in Sources */,
				DF709FC522F1C18A00ACDFBB /* ValidationError.swift in Sources */,
				DF709FC622F1C18A00ACDFBB /* Validator.swift in Sources */,
			);
			runOnlyForDeploymentPostprocessing = 0;
		};
		DF709F9422F1C10800ACDFBB /* Sources */ = {
			isa = PBXSourcesBuildPhase;
			buildActionMask = 2147483647;
			files = (
				DF709FC722F1C19E00ACDFBB /* ValidatorTests.swift in Sources */,
			);
			runOnlyForDeploymentPostprocessing = 0;
		};
		DF709FCA22F1C35100ACDFBB /* Sources */ = {
			isa = PBXSourcesBuildPhase;
			buildActionMask = 2147483647;
			files = (
				DF709FD622F1C3C000ACDFBB /* FullNameRule.swift in Sources */,
				DF709FD722F1C3C000ACDFBB /* DateRule.swift in Sources */,
				DF709FD822F1C3C000ACDFBB /* RangeRule.swift in Sources */,
				DF709FD922F1C3C000ACDFBB /* CharacterSetRule.swift in Sources */,
				DF709FDA22F1C3C000ACDFBB /* PasswordRule.swift in Sources */,
				DF709FDB22F1C3C000ACDFBB /* ExactLengthRule.swift in Sources */,
				DF709FDC22F1C3C000ACDFBB /* ConfirmRule.swift in Sources */,
				DF709FDD22F1C3C000ACDFBB /* PinCodeRule.swift in Sources */,
				DF709FDE22F1C3C000ACDFBB /* ArrayLengthRule.swift in Sources */,
				DF709FDF22F1C3C000ACDFBB /* EnumRule.swift in Sources */,
				DF709FE022F1C3C000ACDFBB /* ValidatableRule.swift in Sources */,
				DF709FE122F1C3C000ACDFBB /* LengthRule.swift in Sources */,
				DF709FE222F1C3C000ACDFBB /* FloatRule.swift in Sources */,
				DF709FE322F1C3C000ACDFBB /* RegexRule.swift in Sources */,
				DF709FE422F1C3C000ACDFBB /* ZipCodeRule.swift in Sources */,
				DF709FE522F1C3C000ACDFBB /* HexColorRule.swift in Sources */,
				DF709FE622F1C3C000ACDFBB /* EmailRule.swift in Sources */,
				DF709FE722F1C3C000ACDFBB /* ArrayRule.swift in Sources */,
				DF709FE822F1C3C000ACDFBB /* AlphaNumericRule.swift in Sources */,
				DF709FE922F1C3C000ACDFBB /* PhoneNumberRule.swift in Sources */,
				DF709FEA22F1C3C000ACDFBB /* ISO8601DateRule.swift in Sources */,
				DF709FEB22F1C3C000ACDFBB /* RequiredRule.swift in Sources */,
				DF709FEC22F1C3C000ACDFBB /* IPV4Rule.swift in Sources */,
				DF709FED22F1C3C000ACDFBB /* MonthRule.swift in Sources */,
				DF709FEE22F1C3C000ACDFBB /* CoordinateRule.swift in Sources */,
				DF709FEF22F1C3C000ACDFBB /* YearExpiryRule.swift in Sources */,
				DF709FF022F1C3C000ACDFBB /* ValidationRule.swift in Sources */,
				DF709FF122F1C3C000ACDFBB /* AlphaRule.swift in Sources */,
				DF709FF222F1C3C000ACDFBB /* ISBNRule.swift in Sources */,
				DF709FF322F1C3C000ACDFBB /* Validatable.swift in Sources */,
				DF709FF422F1C3C000ACDFBB /* ValidationError.swift in Sources */,
				DF709FF522F1C3C000ACDFBB /* Validator.swift in Sources */,
			);
			runOnlyForDeploymentPostprocessing = 0;
		};
/* End PBXSourcesBuildPhase section */

/* Begin PBXTargetDependency section */
		DF7026F222EEA070005700F5 /* PBXTargetDependency */ = {
			isa = PBXTargetDependency;
			target = DF7026E522EEA070005700F5 /* Validator iOS */;
			targetProxy = DF7026F122EEA070005700F5 /* PBXContainerItemProxy */;
		};
		DF709F5D22F1BA3400ACDFBB /* PBXTargetDependency */ = {
			isa = PBXTargetDependency;
			target = DF709F5122F1BA3400ACDFBB /* Validator macOS */;
			targetProxy = DF709F5C22F1BA3400ACDFBB /* PBXContainerItemProxy */;
		};
		DF709F9B22F1C10800ACDFBB /* PBXTargetDependency */ = {
			isa = PBXTargetDependency;
			target = DF709F8F22F1C10700ACDFBB /* Validator tvOS */;
			targetProxy = DF709F9A22F1C10800ACDFBB /* PBXContainerItemProxy */;
		};
/* End PBXTargetDependency section */

/* Begin XCBuildConfiguration section */
		DF7026F822EEA070005700F5 /* Debug */ = {
			isa = XCBuildConfiguration;
			buildSettings = {
				ALWAYS_SEARCH_USER_PATHS = NO;
				CLANG_ANALYZER_NONNULL = YES;
				CLANG_ANALYZER_NUMBER_OBJECT_CONVERSION = YES_AGGRESSIVE;
				CLANG_CXX_LANGUAGE_STANDARD = "gnu++14";
				CLANG_CXX_LIBRARY = "libc++";
				CLANG_ENABLE_MODULES = YES;
				CLANG_ENABLE_OBJC_ARC = YES;
				CLANG_ENABLE_OBJC_WEAK = YES;
				CLANG_WARN_BLOCK_CAPTURE_AUTORELEASING = YES;
				CLANG_WARN_BOOL_CONVERSION = YES;
				CLANG_WARN_COMMA = YES;
				CLANG_WARN_CONSTANT_CONVERSION = YES;
				CLANG_WARN_DEPRECATED_OBJC_IMPLEMENTATIONS = YES;
				CLANG_WARN_DIRECT_OBJC_ISA_USAGE = YES_ERROR;
				CLANG_WARN_DOCUMENTATION_COMMENTS = YES;
				CLANG_WARN_EMPTY_BODY = YES;
				CLANG_WARN_ENUM_CONVERSION = YES;
				CLANG_WARN_INFINITE_RECURSION = YES;
				CLANG_WARN_INT_CONVERSION = YES;
				CLANG_WARN_NON_LITERAL_NULL_CONVERSION = YES;
				CLANG_WARN_OBJC_IMPLICIT_RETAIN_SELF = YES;
				CLANG_WARN_OBJC_LITERAL_CONVERSION = YES;
				CLANG_WARN_OBJC_ROOT_CLASS = YES_ERROR;
				CLANG_WARN_RANGE_LOOP_ANALYSIS = YES;
				CLANG_WARN_STRICT_PROTOTYPES = YES;
				CLANG_WARN_SUSPICIOUS_MOVE = YES;
				CLANG_WARN_UNGUARDED_AVAILABILITY = YES_AGGRESSIVE;
				CLANG_WARN_UNREACHABLE_CODE = YES;
				CLANG_WARN__DUPLICATE_METHOD_MATCH = YES;
				CODE_SIGN_IDENTITY = "iPhone Developer";
				COPY_PHASE_STRIP = NO;
				CURRENT_PROJECT_VERSION = 1;
				DEBUG_INFORMATION_FORMAT = dwarf;
				ENABLE_STRICT_OBJC_MSGSEND = YES;
				ENABLE_TESTABILITY = YES;
				GCC_C_LANGUAGE_STANDARD = gnu11;
				GCC_DYNAMIC_NO_PIC = NO;
				GCC_NO_COMMON_BLOCKS = YES;
				GCC_OPTIMIZATION_LEVEL = 0;
				GCC_PREPROCESSOR_DEFINITIONS = (
					"DEBUG=1",
					"$(inherited)",
				);
				GCC_WARN_64_TO_32_BIT_CONVERSION = YES;
				GCC_WARN_ABOUT_RETURN_TYPE = YES_ERROR;
				GCC_WARN_UNDECLARED_SELECTOR = YES;
				GCC_WARN_UNINITIALIZED_AUTOS = YES_AGGRESSIVE;
				GCC_WARN_UNUSED_FUNCTION = YES;
				GCC_WARN_UNUSED_VARIABLE = YES;
				IPHONEOS_DEPLOYMENT_TARGET = 10.0;
				MACOSX_DEPLOYMENT_TARGET = 10.12;
				MTL_ENABLE_DEBUG_INFO = INCLUDE_SOURCE;
				MTL_FAST_MATH = YES;
				ONLY_ACTIVE_ARCH = YES;
				SDKROOT = iphoneos;
				SWIFT_ACTIVE_COMPILATION_CONDITIONS = DEBUG;
				SWIFT_OPTIMIZATION_LEVEL = "-Onone";
				VERSIONING_SYSTEM = "apple-generic";
				VERSION_INFO_PREFIX = "";
			};
			name = Debug;
		};
		DF7026F922EEA070005700F5 /* Release */ = {
			isa = XCBuildConfiguration;
			buildSettings = {
				ALWAYS_SEARCH_USER_PATHS = NO;
				CLANG_ANALYZER_NONNULL = YES;
				CLANG_ANALYZER_NUMBER_OBJECT_CONVERSION = YES_AGGRESSIVE;
				CLANG_CXX_LANGUAGE_STANDARD = "gnu++14";
				CLANG_CXX_LIBRARY = "libc++";
				CLANG_ENABLE_MODULES = YES;
				CLANG_ENABLE_OBJC_ARC = YES;
				CLANG_ENABLE_OBJC_WEAK = YES;
				CLANG_WARN_BLOCK_CAPTURE_AUTORELEASING = YES;
				CLANG_WARN_BOOL_CONVERSION = YES;
				CLANG_WARN_COMMA = YES;
				CLANG_WARN_CONSTANT_CONVERSION = YES;
				CLANG_WARN_DEPRECATED_OBJC_IMPLEMENTATIONS = YES;
				CLANG_WARN_DIRECT_OBJC_ISA_USAGE = YES_ERROR;
				CLANG_WARN_DOCUMENTATION_COMMENTS = YES;
				CLANG_WARN_EMPTY_BODY = YES;
				CLANG_WARN_ENUM_CONVERSION = YES;
				CLANG_WARN_INFINITE_RECURSION = YES;
				CLANG_WARN_INT_CONVERSION = YES;
				CLANG_WARN_NON_LITERAL_NULL_CONVERSION = YES;
				CLANG_WARN_OBJC_IMPLICIT_RETAIN_SELF = YES;
				CLANG_WARN_OBJC_LITERAL_CONVERSION = YES;
				CLANG_WARN_OBJC_ROOT_CLASS = YES_ERROR;
				CLANG_WARN_RANGE_LOOP_ANALYSIS = YES;
				CLANG_WARN_STRICT_PROTOTYPES = YES;
				CLANG_WARN_SUSPICIOUS_MOVE = YES;
				CLANG_WARN_UNGUARDED_AVAILABILITY = YES_AGGRESSIVE;
				CLANG_WARN_UNREACHABLE_CODE = YES;
				CLANG_WARN__DUPLICATE_METHOD_MATCH = YES;
				CODE_SIGN_IDENTITY = "iPhone Developer";
				COPY_PHASE_STRIP = NO;
				CURRENT_PROJECT_VERSION = 1;
				DEBUG_INFORMATION_FORMAT = "dwarf-with-dsym";
				ENABLE_NS_ASSERTIONS = NO;
				ENABLE_STRICT_OBJC_MSGSEND = YES;
				GCC_C_LANGUAGE_STANDARD = gnu11;
				GCC_NO_COMMON_BLOCKS = YES;
				GCC_WARN_64_TO_32_BIT_CONVERSION = YES;
				GCC_WARN_ABOUT_RETURN_TYPE = YES_ERROR;
				GCC_WARN_UNDECLARED_SELECTOR = YES;
				GCC_WARN_UNINITIALIZED_AUTOS = YES_AGGRESSIVE;
				GCC_WARN_UNUSED_FUNCTION = YES;
				GCC_WARN_UNUSED_VARIABLE = YES;
				IPHONEOS_DEPLOYMENT_TARGET = 10.0;
				MACOSX_DEPLOYMENT_TARGET = 10.12;
				MTL_ENABLE_DEBUG_INFO = NO;
				MTL_FAST_MATH = YES;
				SDKROOT = iphoneos;
				SWIFT_COMPILATION_MODE = wholemodule;
				SWIFT_OPTIMIZATION_LEVEL = "-O";
				VALIDATE_PRODUCT = YES;
				VERSIONING_SYSTEM = "apple-generic";
				VERSION_INFO_PREFIX = "";
			};
			name = Release;
		};
		DF7026FB22EEA070005700F5 /* Debug */ = {
			isa = XCBuildConfiguration;
			buildSettings = {
				CLANG_ENABLE_MODULES = YES;
				CODE_SIGN_IDENTITY = "";
				CODE_SIGN_STYLE = Manual;
				DEFINES_MODULE = YES;
				DEVELOPMENT_TEAM = "";
				DYLIB_COMPATIBILITY_VERSION = 1;
				DYLIB_CURRENT_VERSION = 1;
				DYLIB_INSTALL_NAME_BASE = "@rpath";
				INFOPLIST_FILE = "$(SRCROOT)/Sources/Info.plist";
				INSTALL_PATH = "$(LOCAL_LIBRARY_DIR)/Frameworks";
				LD_RUNPATH_SEARCH_PATHS = (
					"$(inherited)",
					"@executable_path/Frameworks",
					"@loader_path/Frameworks",
				);
				PRODUCT_BUNDLE_IDENTIFIER = com.smbhuin.Validator;
				PRODUCT_MODULE_NAME = "$(PRODUCT_NAME:c99extidentifier)";
				PRODUCT_NAME = Validator;
				PROVISIONING_PROFILE_SPECIFIER = "";
				SKIP_INSTALL = YES;
				SWIFT_OPTIMIZATION_LEVEL = "-Onone";
				SWIFT_VERSION = 4.2;
				TARGETED_DEVICE_FAMILY = "1,2";
			};
			name = Debug;
		};
		DF7026FC22EEA070005700F5 /* Release */ = {
			isa = XCBuildConfiguration;
			buildSettings = {
				CLANG_ENABLE_MODULES = YES;
				CODE_SIGN_IDENTITY = "";
				CODE_SIGN_STYLE = Manual;
				DEFINES_MODULE = YES;
				DEVELOPMENT_TEAM = "";
				DYLIB_COMPATIBILITY_VERSION = 1;
				DYLIB_CURRENT_VERSION = 1;
				DYLIB_INSTALL_NAME_BASE = "@rpath";
				INFOPLIST_FILE = "$(SRCROOT)/Sources/Info.plist";
				INSTALL_PATH = "$(LOCAL_LIBRARY_DIR)/Frameworks";
				LD_RUNPATH_SEARCH_PATHS = (
					"$(inherited)",
					"@executable_path/Frameworks",
					"@loader_path/Frameworks",
				);
				PRODUCT_BUNDLE_IDENTIFIER = com.smbhuin.Validator;
				PRODUCT_MODULE_NAME = "$(PRODUCT_NAME:c99extidentifier)";
				PRODUCT_NAME = Validator;
				PROVISIONING_PROFILE_SPECIFIER = "";
				SKIP_INSTALL = YES;
				SWIFT_VERSION = 4.2;
				TARGETED_DEVICE_FAMILY = "1,2";
			};
			name = Release;
		};
		DF7026FE22EEA070005700F5 /* Debug */ = {
			isa = XCBuildConfiguration;
			buildSettings = {
				ALWAYS_EMBED_SWIFT_STANDARD_LIBRARIES = YES;
				CODE_SIGN_IDENTITY = "";
				CODE_SIGN_STYLE = Manual;
				DEVELOPMENT_TEAM = "";
				INFOPLIST_FILE = Tests/Info.plist;
				LD_RUNPATH_SEARCH_PATHS = (
					"$(inherited)",
					"@executable_path/Frameworks",
					"@loader_path/Frameworks",
				);
				PRODUCT_BUNDLE_IDENTIFIER = "com.smbhuin.Validator-iOS-Tests";
				PRODUCT_NAME = "$(TARGET_NAME)";
				PROVISIONING_PROFILE_SPECIFIER = "";
				SWIFT_VERSION = 4.2;
				TARGETED_DEVICE_FAMILY = "1,2";
			};
			name = Debug;
		};
		DF7026FF22EEA070005700F5 /* Release */ = {
			isa = XCBuildConfiguration;
			buildSettings = {
				ALWAYS_EMBED_SWIFT_STANDARD_LIBRARIES = YES;
				CODE_SIGN_IDENTITY = "";
				CODE_SIGN_STYLE = Manual;
				DEVELOPMENT_TEAM = "";
				INFOPLIST_FILE = Tests/Info.plist;
				LD_RUNPATH_SEARCH_PATHS = (
					"$(inherited)",
					"@executable_path/Frameworks",
					"@loader_path/Frameworks",
				);
				PRODUCT_BUNDLE_IDENTIFIER = "com.smbhuin.Validator-iOS-Tests";
				PRODUCT_NAME = "$(TARGET_NAME)";
				PROVISIONING_PROFILE_SPECIFIER = "";
				SWIFT_VERSION = 4.2;
				TARGETED_DEVICE_FAMILY = "1,2";
			};
			name = Release;
		};
		DF709F6422F1BA3400ACDFBB /* Debug */ = {
			isa = XCBuildConfiguration;
			buildSettings = {
				CODE_SIGN_IDENTITY = "";
				CODE_SIGN_STYLE = Manual;
				COMBINE_HIDPI_IMAGES = YES;
				DEFINES_MODULE = YES;
				DYLIB_COMPATIBILITY_VERSION = 1;
				DYLIB_CURRENT_VERSION = 1;
				DYLIB_INSTALL_NAME_BASE = "@rpath";
				FRAMEWORK_VERSION = A;
				INFOPLIST_FILE = "$(SRCROOT)/Sources/Info.plist";
				INSTALL_PATH = "$(LOCAL_LIBRARY_DIR)/Frameworks";
				LD_RUNPATH_SEARCH_PATHS = (
					"$(inherited)",
					"@executable_path/../Frameworks",
					"@loader_path/Frameworks",
				);
				MACOSX_DEPLOYMENT_TARGET = 10.12;
				PRODUCT_BUNDLE_IDENTIFIER = com.smbhuin.Validator;
				PRODUCT_NAME = Validator;
				SDKROOT = macosx;
				SKIP_INSTALL = YES;
				SWIFT_VERSION = 4.2;
			};
			name = Debug;
		};
		DF709F6522F1BA3400ACDFBB /* Release */ = {
			isa = XCBuildConfiguration;
			buildSettings = {
				CODE_SIGN_IDENTITY = "";
				CODE_SIGN_STYLE = Manual;
				COMBINE_HIDPI_IMAGES = YES;
				DEFINES_MODULE = YES;
				DYLIB_COMPATIBILITY_VERSION = 1;
				DYLIB_CURRENT_VERSION = 1;
				DYLIB_INSTALL_NAME_BASE = "@rpath";
				FRAMEWORK_VERSION = A;
				INFOPLIST_FILE = "$(SRCROOT)/Sources/Info.plist";
				INSTALL_PATH = "$(LOCAL_LIBRARY_DIR)/Frameworks";
				LD_RUNPATH_SEARCH_PATHS = (
					"$(inherited)",
					"@executable_path/../Frameworks",
					"@loader_path/Frameworks",
				);
				MACOSX_DEPLOYMENT_TARGET = 10.12;
				PRODUCT_BUNDLE_IDENTIFIER = com.smbhuin.Validator;
				PRODUCT_NAME = Validator;
				SDKROOT = macosx;
				SKIP_INSTALL = YES;
				SWIFT_VERSION = 4.2;
			};
			name = Release;
		};
		DF709F6722F1BA3400ACDFBB /* Debug */ = {
			isa = XCBuildConfiguration;
			buildSettings = {
				ALWAYS_EMBED_SWIFT_STANDARD_LIBRARIES = YES;
				CODE_SIGN_IDENTITY = "";
				CODE_SIGN_STYLE = Manual;
				COMBINE_HIDPI_IMAGES = YES;
				INFOPLIST_FILE = Tests/Info.plist;
				LD_RUNPATH_SEARCH_PATHS = (
					"$(inherited)",
					"@executable_path/../Frameworks",
					"@loader_path/../Frameworks",
				);
				MACOSX_DEPLOYMENT_TARGET = 10.13;
				PRODUCT_BUNDLE_IDENTIFIER = "com.smbhuin.Validator-macOS-Tests";
				PRODUCT_NAME = "$(TARGET_NAME)";
				SDKROOT = macosx;
				SWIFT_VERSION = 4.2;
			};
			name = Debug;
		};
		DF709F6822F1BA3400ACDFBB /* Release */ = {
			isa = XCBuildConfiguration;
			buildSettings = {
				ALWAYS_EMBED_SWIFT_STANDARD_LIBRARIES = YES;
				CODE_SIGN_IDENTITY = "";
				CODE_SIGN_STYLE = Manual;
				COMBINE_HIDPI_IMAGES = YES;
				INFOPLIST_FILE = Tests/Info.plist;
				LD_RUNPATH_SEARCH_PATHS = (
					"$(inherited)",
					"@executable_path/../Frameworks",
					"@loader_path/../Frameworks",
				);
				MACOSX_DEPLOYMENT_TARGET = 10.13;
				PRODUCT_BUNDLE_IDENTIFIER = "com.smbhuin.Validator-macOS-Tests";
				PRODUCT_NAME = "$(TARGET_NAME)";
				SDKROOT = macosx;
				SWIFT_VERSION = 4.2;
			};
			name = Release;
		};
		DF709FA222F1C10800ACDFBB /* Debug */ = {
			isa = XCBuildConfiguration;
			buildSettings = {
				CODE_SIGN_IDENTITY = "";
				CODE_SIGN_STYLE = Manual;
				DEFINES_MODULE = YES;
				DYLIB_COMPATIBILITY_VERSION = 1;
				DYLIB_CURRENT_VERSION = 1;
				DYLIB_INSTALL_NAME_BASE = "@rpath";
				INFOPLIST_FILE = "$(SRCROOT)/Sources/Info.plist";
				INSTALL_PATH = "$(LOCAL_LIBRARY_DIR)/Frameworks";
				LD_RUNPATH_SEARCH_PATHS = (
					"$(inherited)",
					"@executable_path/Frameworks",
					"@loader_path/Frameworks",
				);
				PRODUCT_BUNDLE_IDENTIFIER = com.smbhuin.Validator;
				PRODUCT_NAME = Validator;
				SDKROOT = appletvos;
				SKIP_INSTALL = YES;
				SWIFT_VERSION = 4.2;
				TARGETED_DEVICE_FAMILY = 3;
				TVOS_DEPLOYMENT_TARGET = 10.0;
			};
			name = Debug;
		};
		DF709FA322F1C10800ACDFBB /* Release */ = {
			isa = XCBuildConfiguration;
			buildSettings = {
				CODE_SIGN_IDENTITY = "";
				CODE_SIGN_STYLE = Manual;
				DEFINES_MODULE = YES;
				DYLIB_COMPATIBILITY_VERSION = 1;
				DYLIB_CURRENT_VERSION = 1;
				DYLIB_INSTALL_NAME_BASE = "@rpath";
				INFOPLIST_FILE = "$(SRCROOT)/Sources/Info.plist";
				INSTALL_PATH = "$(LOCAL_LIBRARY_DIR)/Frameworks";
				LD_RUNPATH_SEARCH_PATHS = (
					"$(inherited)",
					"@executable_path/Frameworks",
					"@loader_path/Frameworks",
				);
				PRODUCT_BUNDLE_IDENTIFIER = com.smbhuin.Validator;
				PRODUCT_NAME = Validator;
				SDKROOT = appletvos;
				SKIP_INSTALL = YES;
				SWIFT_VERSION = 4.2;
				TARGETED_DEVICE_FAMILY = 3;
				TVOS_DEPLOYMENT_TARGET = 10.0;
			};
			name = Release;
		};
		DF709FA522F1C10800ACDFBB /* Debug */ = {
			isa = XCBuildConfiguration;
			buildSettings = {
				ALWAYS_EMBED_SWIFT_STANDARD_LIBRARIES = YES;
				CODE_SIGN_IDENTITY = "";
				CODE_SIGN_STYLE = Manual;
				INFOPLIST_FILE = Tests/Info.plist;
				LD_RUNPATH_SEARCH_PATHS = (
					"$(inherited)",
					"@executable_path/Frameworks",
					"@loader_path/Frameworks",
				);
				PRODUCT_BUNDLE_IDENTIFIER = "com.smbhuin.Validator-tvOS-Tests";
				PRODUCT_NAME = "$(TARGET_NAME)";
				SDKROOT = appletvos;
				SWIFT_VERSION = 4.2;
				TARGETED_DEVICE_FAMILY = 3;
				TVOS_DEPLOYMENT_TARGET = 12.1;
			};
			name = Debug;
		};
		DF709FA622F1C10800ACDFBB /* Release */ = {
			isa = XCBuildConfiguration;
			buildSettings = {
				ALWAYS_EMBED_SWIFT_STANDARD_LIBRARIES = YES;
				CODE_SIGN_IDENTITY = "";
				CODE_SIGN_STYLE = Manual;
				INFOPLIST_FILE = Tests/Info.plist;
				LD_RUNPATH_SEARCH_PATHS = (
					"$(inherited)",
					"@executable_path/Frameworks",
					"@loader_path/Frameworks",
				);
				PRODUCT_BUNDLE_IDENTIFIER = "com.smbhuin.Validator-tvOS-Tests";
				PRODUCT_NAME = "$(TARGET_NAME)";
				SDKROOT = appletvos;
				SWIFT_VERSION = 4.2;
				TARGETED_DEVICE_FAMILY = 3;
				TVOS_DEPLOYMENT_TARGET = 12.1;
			};
			name = Release;
		};
		DF709FD422F1C35100ACDFBB /* Debug */ = {
			isa = XCBuildConfiguration;
			buildSettings = {
				APPLICATION_EXTENSION_API_ONLY = YES;
				CODE_SIGN_IDENTITY = "";
				CODE_SIGN_STYLE = Manual;
				DEFINES_MODULE = YES;
				DYLIB_COMPATIBILITY_VERSION = 1;
				DYLIB_CURRENT_VERSION = 1;
				DYLIB_INSTALL_NAME_BASE = "@rpath";
				INFOPLIST_FILE = "$(SRCROOT)/Sources/Info.plist";
				INSTALL_PATH = "$(LOCAL_LIBRARY_DIR)/Frameworks";
				LD_RUNPATH_SEARCH_PATHS = (
					"$(inherited)",
					"@executable_path/Frameworks",
					"@loader_path/Frameworks",
				);
				PRODUCT_BUNDLE_IDENTIFIER = com.smbhuin.Validator;
				PRODUCT_NAME = Validator;
				SDKROOT = watchos;
				SKIP_INSTALL = YES;
				SWIFT_VERSION = 4.2;
				TARGETED_DEVICE_FAMILY = 4;
				WATCHOS_DEPLOYMENT_TARGET = 3.0;
			};
			name = Debug;
		};
		DF709FD522F1C35100ACDFBB /* Release */ = {
			isa = XCBuildConfiguration;
			buildSettings = {
				APPLICATION_EXTENSION_API_ONLY = YES;
				CODE_SIGN_IDENTITY = "";
				CODE_SIGN_STYLE = Manual;
				DEFINES_MODULE = YES;
				DYLIB_COMPATIBILITY_VERSION = 1;
				DYLIB_CURRENT_VERSION = 1;
				DYLIB_INSTALL_NAME_BASE = "@rpath";
				INFOPLIST_FILE = "$(SRCROOT)/Sources/Info.plist";
				INSTALL_PATH = "$(LOCAL_LIBRARY_DIR)/Frameworks";
				LD_RUNPATH_SEARCH_PATHS = (
					"$(inherited)",
					"@executable_path/Frameworks",
					"@loader_path/Frameworks",
				);
				PRODUCT_BUNDLE_IDENTIFIER = com.smbhuin.Validator;
				PRODUCT_NAME = Validator;
				SDKROOT = watchos;
				SKIP_INSTALL = YES;
				SWIFT_VERSION = 4.2;
				TARGETED_DEVICE_FAMILY = 4;
				WATCHOS_DEPLOYMENT_TARGET = 3.0;
			};
			name = Release;
		};
/* End XCBuildConfiguration section */

/* Begin XCConfigurationList section */
		DF7026E022EEA06F005700F5 /* Build configuration list for PBXProject "Validator" */ = {
			isa = XCConfigurationList;
			buildConfigurations = (
				DF7026F822EEA070005700F5 /* Debug */,
				DF7026F922EEA070005700F5 /* Release */,
			);
			defaultConfigurationIsVisible = 0;
			defaultConfigurationName = Release;
		};
		DF7026FA22EEA070005700F5 /* Build configuration list for PBXNativeTarget "Validator iOS" */ = {
			isa = XCConfigurationList;
			buildConfigurations = (
				DF7026FB22EEA070005700F5 /* Debug */,
				DF7026FC22EEA070005700F5 /* Release */,
			);
			defaultConfigurationIsVisible = 0;
			defaultConfigurationName = Release;
		};
		DF7026FD22EEA070005700F5 /* Build configuration list for PBXNativeTarget "Validator iOS Tests" */ = {
			isa = XCConfigurationList;
			buildConfigurations = (
				DF7026FE22EEA070005700F5 /* Debug */,
				DF7026FF22EEA070005700F5 /* Release */,
			);
			defaultConfigurationIsVisible = 0;
			defaultConfigurationName = Release;
		};
		DF709F6322F1BA3400ACDFBB /* Build configuration list for PBXNativeTarget "Validator macOS" */ = {
			isa = XCConfigurationList;
			buildConfigurations = (
				DF709F6422F1BA3400ACDFBB /* Debug */,
				DF709F6522F1BA3400ACDFBB /* Release */,
			);
			defaultConfigurationIsVisible = 0;
			defaultConfigurationName = Release;
		};
		DF709F6622F1BA3400ACDFBB /* Build configuration list for PBXNativeTarget "Validator macOS Tests" */ = {
			isa = XCConfigurationList;
			buildConfigurations = (
				DF709F6722F1BA3400ACDFBB /* Debug */,
				DF709F6822F1BA3400ACDFBB /* Release */,
			);
			defaultConfigurationIsVisible = 0;
			defaultConfigurationName = Release;
		};
		DF709FA122F1C10800ACDFBB /* Build configuration list for PBXNativeTarget "Validator tvOS" */ = {
			isa = XCConfigurationList;
			buildConfigurations = (
				DF709FA222F1C10800ACDFBB /* Debug */,
				DF709FA322F1C10800ACDFBB /* Release */,
			);
			defaultConfigurationIsVisible = 0;
			defaultConfigurationName = Release;
		};
		DF709FA422F1C10800ACDFBB /* Build configuration list for PBXNativeTarget "Validator tvOS Tests" */ = {
			isa = XCConfigurationList;
			buildConfigurations = (
				DF709FA522F1C10800ACDFBB /* Debug */,
				DF709FA622F1C10800ACDFBB /* Release */,
			);
			defaultConfigurationIsVisible = 0;
			defaultConfigurationName = Release;
		};
		DF709FD322F1C35100ACDFBB /* Build configuration list for PBXNativeTarget "Validator watchOS" */ = {
			isa = XCConfigurationList;
			buildConfigurations = (
				DF709FD422F1C35100ACDFBB /* Debug */,
				DF709FD522F1C35100ACDFBB /* Release */,
			);
			defaultConfigurationIsVisible = 0;
			defaultConfigurationName = Release;
		};
/* End XCConfigurationList section */
	};
	rootObject = DF7026DD22EEA06F005700F5 /* Project object */;
}
