// !$*UTF8*$!
{
	archiveVersion = 1;
	classes = {
	};
	objectVersion = 50;
	objects = {

/* Begin PBXBuildFile section */
		DFE504CA22ECDCFD003EF552 /* AppDelegate.swift in Sources */ = {isa = PBXBuildFile; fileRef = DFE504C922ECDCFD003EF552 /* AppDelegate.swift */; };
		DFE504CC22ECDCFD003EF552 /* ViewController.swift in Sources */ = {isa = PBXBuildFile; fileRef = DFE504CB22ECDCFD003EF552 /* ViewController.swift */; };
		DFE504CF22ECDCFD003EF552 /* Main.storyboard in Resources */ = {isa = PBXBuildFile; fileRef = DFE504CD22ECDCFD003EF552 /* Main.storyboard */; };
		DFE504D122ECDCFF003EF552 /* Assets.xcassets in Resources */ = {isa = PBXBuildFile; fileRef = DFE504D022ECDCFF003EF552 /* Assets.xcassets */; };
		DFE504D422ECDCFF003EF552 /* LaunchScreen.storyboard in Resources */ = {isa = PBXBuildFile; fileRef = DFE504D222ECDCFF003EF552 /* LaunchScreen.storyboard */; };
		DFE504E722ECDF0A003EF552 /* Validator.framework in Frameworks */ = {isa = PBXBuildFile; fileRef = DFE504E322ECDEE0003EF552 /* Validator.framework */; };
/* End PBXBuildFile section */

/* Begin PBXContainerItemProxy section */
		DFE504E222ECDEE0003EF552 /* PBXContainerItemProxy */ = {
			isa = PBXContainerItemProxy;
			containerPortal = DFE504DB22ECDEE0003EF552 /* Validator.xcodeproj */;
			proxyType = 2;
			remoteGlobalIDString = "Validator::Validator::Product";
			remoteInfo = Validator;
		};
		DFE504E422ECDEE0003EF552 /* PBXContainerItemProxy */ = {
			isa = PBXContainerItemProxy;
			containerPortal = DFE504DB22ECDEE0003EF552 /* Validator.xcodeproj */;
			proxyType = 2;
			remoteGlobalIDString = "Validator::ValidatorTests::Product";
			remoteInfo = ValidatorTests;
		};
/* End PBXContainerItemProxy section */

/* Begin PBXFileReference section */
		DFE504C622ECDCFD003EF552 /* Example.app */ = {isa = PBXFileReference; explicitFileType = wrapper.application; includeInIndex = 0; path = Example.app; sourceTree = BUILT_PRODUCTS_DIR; };
		DFE504C922ECDCFD003EF552 /* AppDelegate.swift */ = {isa = PBXFileReference; lastKnownFileType = sourcecode.swift; path = AppDelegate.swift; sourceTree = "<group>"; };
		DFE504CB22ECDCFD003EF552 /* ViewController.swift */ = {isa = PBXFileReference; lastKnownFileType = sourcecode.swift; path = ViewController.swift; sourceTree = "<group>"; };
		DFE504CE22ECDCFD003EF552 /* Base */ = {isa = PBXFileReference; lastKnownFileType = file.storyboard; name = Base; path = Base.lproj/Main.storyboard; sourceTree = "<group>"; };
		DFE504D022ECDCFF003EF552 /* Assets.xcassets */ = {isa = PBXFileReference; lastKnownFileType = folder.assetcatalog; path = Assets.xcassets; sourceTree = "<group>"; };
		DFE504D322ECDCFF003EF552 /* Base */ = {isa = PBXFileReference; lastKnownFileType = file.storyboard; name = Base; path = Base.lproj/LaunchScreen.storyboard; sourceTree = "<group>"; };
		DFE504D522ECDCFF003EF552 /* Info.plist */ = {isa = PBXFileReference; lastKnownFileType = text.plist.xml; path = Info.plist; sourceTree = "<group>"; };
		DFE504DB22ECDEE0003EF552 /* Validator.xcodeproj */ = {isa = PBXFileReference; lastKnownFileType = "wrapper.pb-project"; name = Validator.xcodeproj; path = ../../Validator.xcodeproj; sourceTree = "<group>"; };
/* End PBXFileReference section */

/* Begin PBXFrameworksBuildPhase section */
		DFE504C322ECDCFD003EF552 /* Frameworks */ = {
			isa = PBXFrameworksBuildPhase;
			buildActionMask = 2147483647;
			files = (
				DFE504E722ECDF0A003EF552 /* Validator.framework in Frameworks */,
			);
			runOnlyForDeploymentPostprocessing = 0;
		};
/* End PBXFrameworksBuildPhase section */

/* Begin PBXGroup section */
		DFE504BD22ECDCFD003EF552 = {
			isa = PBXGroup;
			children = (
				DFE504DB22ECDEE0003EF552 /* Validator.xcodeproj */,
				DFE504C822ECDCFD003EF552 /* Example */,
				DFE504C722ECDCFD003EF552 /* Products */,
				DFE504E622ECDF0A003EF552 /* Frameworks */,
			);
			sourceTree = "<group>";
		};
		DFE504C722ECDCFD003EF552 /* Products */ = {
			isa = PBXGroup;
			children = (
				DFE504C622ECDCFD003EF552 /* Example.app */,
			);
			name = Products;
			sourceTree = "<group>";
		};
		DFE504C822ECDCFD003EF552 /* Example */ = {
			isa = PBXGroup;
			children = (
				DFE504C922ECDCFD003EF552 /* AppDelegate.swift */,
				DFE504CB22ECDCFD003EF552 /* ViewController.swift */,
				DFE504CD22ECDCFD003EF552 /* Main.storyboard */,
				DFE504D022ECDCFF003EF552 /* Assets.xcassets */,
				DFE504D222ECDCFF003EF552 /* LaunchScreen.storyboard */,
				DFE504D522ECDCFF003EF552 /* Info.plist */,
			);
			path = Example;
			sourceTree = "<group>";
		};
		DFE504DC22ECDEE0003EF552 /* Products */ = {
			isa = PBXGroup;
			children = (
				DFE504E322ECDEE0003EF552 /* Validator.framework */,
				DFE504E522ECDEE0003EF552 /* ValidatorTests.xctest */,
			);
			name = Products;
			sourceTree = "<group>";
		};
		DFE504E622ECDF0A003EF552 /* Frameworks */ = {
			isa = PBXGroup;
			children = (
			);
			name = Frameworks;
			sourceTree = "<group>";
		};
/* End PBXGroup section */

/* Begin PBXNativeTarget section */
		DFE504C522ECDCFD003EF552 /* Example */ = {
			isa = PBXNativeTarget;
			buildConfigurationList = DFE504D822ECDCFF003EF552 /* Build configuration list for PBXNativeTarget "Example" */;
			buildPhases = (
				DFE504C222ECDCFD003EF552 /* Sources */,
				DFE504C322ECDCFD003EF552 /* Frameworks */,
				DFE504C422ECDCFD003EF552 /* Resources */,
			);
			buildRules = (
			);
			dependencies = (
			);
			name = Example;
			productName = Example;
			productReference = DFE504C622ECDCFD003EF552 /* Example.app */;
			productType = "com.apple.product-type.application";
		};
/* End PBXNativeTarget section */

/* Begin PBXProject section */
		DFE504BE22ECDCFD003EF552 /* Project object */ = {
			isa = PBXProject;
			attributes = {
				LastSwiftUpdateCheck = 1010;
				LastUpgradeCheck = 1010;
				ORGANIZATIONNAME = SMB;
				TargetAttributes = {
					DFE504C522ECDCFD003EF552 = {
						CreatedOnToolsVersion = 10.1;
					};
				};
			};
			buildConfigurationList = DFE504C122ECDCFD003EF552 /* Build configuration list for PBXProject "Example" */;
			compatibilityVersion = "Xcode 9.3";
			developmentRegion = en;
			hasScannedForEncodings = 0;
			knownRegions = (
				en,
				Base,
			);
			mainGroup = DFE504BD22ECDCFD003EF552;
			productRefGroup = DFE504C722ECDCFD003EF552 /* Products */;
			projectDirPath = "";
			projectReferences = (
				{
					ProductGroup = DFE504DC22ECDEE0003EF552 /* Products */;
					ProjectRef = DFE504DB22ECDEE0003EF552 /* Validator.xcodeproj */;
				},
			);
			projectRoot = "";
			targets = (
				DFE504C522ECDCFD003EF552 /* Example */,
			);
		};
/* End PBXProject section */

/* Begin PBXReferenceProxy section */
		DFE504E322ECDEE0003EF552 /* Validator.framework */ = {
			isa = PBXReferenceProxy;
			fileType = wrapper.framework;
			path = Validator.framework;
			remoteRef = DFE504E222ECDEE0003EF552 /* PBXContainerItemProxy */;
			sourceTree = BUILT_PRODUCTS_DIR;
		};
		DFE504E522ECDEE0003EF552 /* ValidatorTests.xctest */ = {
			isa = PBXReferenceProxy;
			fileType = file;
			path = ValidatorTests.xctest;
			remoteRef = DFE504E422ECDEE0003EF552 /* PBXContainerItemProxy */;
			sourceTree = BUILT_PRODUCTS_DIR;
		};
/* End PBXReferenceProxy section */

/* Begin PBXResourcesBuildPhase section */
		DFE504C422ECDCFD003EF552 /* Resources */ = {
			isa = PBXResourcesBuildPhase;
			buildActionMask = 2147483647;
			files = (
				DFE504D422ECDCFF003EF552 /* LaunchScreen.storyboard in Resources */,
				DFE504D122ECDCFF003EF552 /* Assets.xcassets in Resources */,
				DFE504CF22ECDCFD003EF552 /* Main.storyboard in Resources */,
			);
			runOnlyForDeploymentPostprocessing = 0;
		};
/* End PBXResourcesBuildPhase section */

/* Begin PBXSourcesBuildPhase section */
		DFE504C222ECDCFD003EF552 /* Sources */ = {
			isa = PBXSourcesBuildPhase;
			buildActionMask = 2147483647;
			files = (
				DFE504CC22ECDCFD003EF552 /* ViewController.swift in Sources */,
				DFE504CA22ECDCFD003EF552 /* AppDelegate.swift in Sources */,
			);
			runOnlyForDeploymentPostprocessing = 0;
		};
/* End PBXSourcesBuildPhase section */

/* Begin PBXVariantGroup section */
		DFE504CD22ECDCFD003EF552 /* Main.storyboard */ = {
			isa = PBXVariantGroup;
			children = (
				DFE504CE22ECDCFD003EF552 /* Base */,
			);
			name = Main.storyboard;
			sourceTree = "<group>";
		};
		DFE504D222ECDCFF003EF552 /* LaunchScreen.storyboard */ = {
			isa = PBXVariantGroup;
			children = (
				DFE504D322ECDCFF003EF552 /* Base */,
			);
			name = LaunchScreen.storyboard;
			sourceTree = "<group>";
		};
/* End PBXVariantGroup section */

/* Begin XCBuildConfiguration section */
		DFE504D622ECDCFF003EF552 /* Debug */ = {
			isa = XCBuildConfiguration;
			buildSettings = {
				ALWAYS_SEARCH_USER_PATHS = NO;
				CLANG_ANALYZER_NONNULL = YES;
				CLANG_ANALYZER_NUMBER_OBJECT_CONVERSION = YES_AGGRESSIVE;
				CLANG_CXX_LANGUAGE_STANDARD = "gnu++14";
				CLANG_CXX_LIBRARY = "libc++";
				CLANG_ENABLE_MODULES = YES;
				CLANG_ENABLE_OBJC_ARC = YES;
				CLANG_ENABLE_OBJC_WEAK = YES;
				CLANG_WARN_BLOCK_CAPTURE_AUTORELEASING = YES;
				CLANG_WARN_BOOL_CONVERSION = YES;
				CLANG_WARN_COMMA = YES;
				CLANG_WARN_CONSTANT_CONVERSION = YES;
				CLANG_WARN_DEPRECATED_OBJC_IMPLEMENTATIONS = YES;
				CLANG_WARN_DIRECT_OBJC_ISA_USAGE = YES_ERROR;
				CLANG_WARN_DOCUMENTATION_COMMENTS = YES;
				CLANG_WARN_EMPTY_BODY = YES;
				CLANG_WARN_ENUM_CONVERSION = YES;
				CLANG_WARN_INFINITE_RECURSION = YES;
				CLANG_WARN_INT_CONVERSION = YES;
				CLANG_WARN_NON_LITERAL_NULL_CONVERSION = YES;
				CLANG_WARN_OBJC_IMPLICIT_RETAIN_SELF = YES;
				CLANG_WARN_OBJC_LITERAL_CONVERSION = YES;
				CLANG_WARN_OBJC_ROOT_CLASS = YES_ERROR;
				CLANG_WARN_RANGE_LOOP_ANALYSIS = YES;
				CLANG_WARN_STRICT_PROTOTYPES = YES;
				CLANG_WARN_SUSPICIOUS_MOVE = YES;
				CLANG_WARN_UNGUARDED_AVAILABILITY = YES_AGGRESSIVE;
				CLANG_WARN_UNREACHABLE_CODE = YES;
				CLANG_WARN__DUPLICATE_METHOD_MATCH = YES;
				CODE_SIGN_IDENTITY = "iPhone Developer";
				COPY_PHASE_STRIP = NO;
				DEBUG_INFORMATION_FORMAT = dwarf;
				ENABLE_STRICT_OBJC_MSGSEND = YES;
				ENABLE_TESTABILITY = YES;
				GCC_C_LANGUAGE_STANDARD = gnu11;
				GCC_DYNAMIC_NO_PIC = NO;
				GCC_NO_COMMON_BLOCKS = YES;
				GCC_OPTIMIZATION_LEVEL = 0;
				GCC_PREPROCESSOR_DEFINITIONS = (
					"DEBUG=1",
					"$(inherited)",
				);
				GCC_WARN_64_TO_32_BIT_CONVERSION = YES;
				GCC_WARN_ABOUT_RETURN_TYPE = YES_ERROR;
				GCC_WARN_UNDECLARED_SELECTOR = YES;
				GCC_WARN_UNINITIALIZED_AUTOS = YES_AGGRESSIVE;
				GCC_WARN_UNUSED_FUNCTION = YES;
				GCC_WARN_UNUSED_VARIABLE = YES;
				IPHONEOS_DEPLOYMENT_TARGET = 12.1;
				MTL_ENABLE_DEBUG_INFO = INCLUDE_SOURCE;
				MTL_FAST_MATH = YES;
				ONLY_ACTIVE_ARCH = YES;
				SDKROOT = iphoneos;
				SWIFT_ACTIVE_COMPILATION_CONDITIONS = DEBUG;
				SWIFT_OPTIMIZATION_LEVEL = "-Onone";
			};
			name = Debug;
		};
		DFE504D722ECDCFF003EF552 /* Release */ = {
			isa = XCBuildConfiguration;
			buildSettings = {
				ALWAYS_SEARCH_USER_PATHS = NO;
				CLANG_ANALYZER_NONNULL = YES;
				CLANG_ANALYZER_NUMBER_OBJECT_CONVERSION = YES_AGGRESSIVE;
				CLANG_CXX_LANGUAGE_STANDARD = "gnu++14";
				CLANG_CXX_LIBRARY = "libc++";
				CLANG_ENABLE_MODULES = YES;
				CLANG_ENABLE_OBJC_ARC = YES;
				CLANG_ENABLE_OBJC_WEAK = YES;
				CLANG_WARN_BLOCK_CAPTURE_AUTORELEASING = YES;
				CLANG_WARN_BOOL_CONVERSION = YES;
				CLANG_WARN_COMMA = YES;
				CLANG_WARN_CONSTANT_CONVERSION = YES;
				CLANG_WARN_DEPRECATED_OBJC_IMPLEMENTATIONS = YES;
				CLANG_WARN_DIRECT_OBJC_ISA_USAGE = YES_ERROR;
				CLANG_WARN_DOCUMENTATION_COMMENTS = YES;
				CLANG_WARN_EMPTY_BODY = YES;
				CLANG_WARN_ENUM_CONVERSION = YES;
				CLANG_WARN_INFINITE_RECURSION = YES;
				CLANG_WARN_INT_CONVERSION = YES;
				CLANG_WARN_NON_LITERAL_NULL_CONVERSION = YES;
				CLANG_WARN_OBJC_IMPLICIT_RETAIN_SELF = YES;
				CLANG_WARN_OBJC_LITERAL_CONVERSION = YES;
				CLANG_WARN_OBJC_ROOT_CLASS = YES_ERROR;
				CLANG_WARN_RANGE_LOOP_ANALYSIS = YES;
				CLANG_WARN_STRICT_PROTOTYPES = YES;
				CLANG_WARN_SUSPICIOUS_MOVE = YES;
				CLANG_WARN_UNGUARDED_AVAILABILITY = YES_AGGRESSIVE;
				CLANG_WARN_UNREACHABLE_CODE = YES;
				CLANG_WARN__DUPLICATE_METHOD_MATCH = YES;
				CODE_SIGN_IDENTITY = "iPhone Developer";
				COPY_PHASE_STRIP = NO;
				DEBUG_INFORMATION_FORMAT = "dwarf-with-dsym";
				ENABLE_NS_ASSERTIONS = NO;
				ENABLE_STRICT_OBJC_MSGSEND = YES;
				GCC_C_LANGUAGE_STANDARD = gnu11;
				GCC_NO_COMMON_BLOCKS = YES;
				GCC_WARN_64_TO_32_BIT_CONVERSION = YES;
				GCC_WARN_ABOUT_RETURN_TYPE = YES_ERROR;
				GCC_WARN_UNDECLARED_SELECTOR = YES;
				GCC_WARN_UNINITIALIZED_AUTOS = YES_AGGRESSIVE;
				GCC_WARN_UNUSED_FUNCTION = YES;
				GCC_WARN_UNUSED_VARIABLE = YES;
				IPHONEOS_DEPLOYMENT_TARGET = 12.1;
				MTL_ENABLE_DEBUG_INFO = NO;
				MTL_FAST_MATH = YES;
				SDKROOT = iphoneos;
				SWIFT_COMPILATION_MODE = wholemodule;
				SWIFT_OPTIMIZATION_LEVEL = "-O";
				VALIDATE_PRODUCT = YES;
			};
			name = Release;
		};
		DFE504D922ECDCFF003EF552 /* Debug */ = {
			isa = XCBuildConfiguration;
			buildSettings = {
				ASSETCATALOG_COMPILER_APPICON_NAME = AppIcon;
				CODE_SIGN_STYLE = Manual;
				DEVELOPMENT_TEAM = "";
				INFOPLIST_FILE = Example/Info.plist;
				LD_RUNPATH_SEARCH_PATHS = (
					"$(inherited)",
					"@executable_path/Frameworks",
				);
				PRODUCT_BUNDLE_IDENTIFIER = com.smb.Example;
				PRODUCT_NAME = "$(TARGET_NAME)";
				PROVISIONING_PROFILE_SPECIFIER = "";
				SWIFT_VERSION = 4.2;
				TARGETED_DEVICE_FAMILY = "1,2";
			};
			name = Debug;
		};
		DFE504DA22ECDCFF003EF552 /* Release */ = {
			isa = XCBuildConfiguration;
			buildSettings = {
				ASSETCATALOG_COMPILER_APPICON_NAME = AppIcon;
				CODE_SIGN_STYLE = Manual;
				DEVELOPMENT_TEAM = "";
				INFOPLIST_FILE = Example/Info.plist;
				LD_RUNPATH_SEARCH_PATHS = (
					"$(inherited)",
					"@executable_path/Frameworks",
				);
				PRODUCT_BUNDLE_IDENTIFIER = com.smb.Example;
				PRODUCT_NAME = "$(TARGET_NAME)";
				PROVISIONING_PROFILE_SPECIFIER = "";
				SWIFT_VERSION = 4.2;
				TARGETED_DEVICE_FAMILY = "1,2";
			};
			name = Release;
		};
/* End XCBuildConfiguration section */

/* Begin XCConfigurationList section */
		DFE504C122ECDCFD003EF552 /* Build configuration list for PBXProject "Example" */ = {
			isa = XCConfigurationList;
			buildConfigurations = (
				DFE504D622ECDCFF003EF552 /* Debug */,
				DFE504D722ECDCFF003EF552 /* Release */,
			);
			defaultConfigurationIsVisible = 0;
			defaultConfigurationName = Release;
		};
		DFE504D822ECDCFF003EF552 /* Build configuration list for PBXNativeTarget "Example" */ = {
			isa = XCConfigurationList;
			buildConfigurations = (
				DFE504D922ECDCFF003EF552 /* Debug */,
				DFE504DA22ECDCFF003EF552 /* Release */,
			);
			defaultConfigurationIsVisible = 0;
			defaultConfigurationName = Release;
		};
/* End XCConfigurationList section */
	};
	rootObject = DFE504BE22ECDCFD003EF552 /* Project object */;
}
